// !$*UTF8*$!
{
	archiveVersion = 1;
	classes = {
	};
	objectVersion = 50;
	objects = {

/* Begin PBXBuildFile section */
		4801619823C7BE500038318B /* CustomStyle.swift in Sources */ = {isa = PBXBuildFile; fileRef = 4801619723C7BE500038318B /* CustomStyle.swift */; };
		480161A123C84EC60038318B /* UsernameDataModel.swift in Sources */ = {isa = PBXBuildFile; fileRef = 480161A023C84EC60038318B /* UsernameDataModel.swift */; };
		4801959123D7C9680027FA91 /* DeviceSizes.swift in Sources */ = {isa = PBXBuildFile; fileRef = 4801959023D7C9680027FA91 /* DeviceSizes.swift */; };
		4801959323D80BE60027FA91 /* TagController.swift in Sources */ = {isa = PBXBuildFile; fileRef = 4801959223D80BE60027FA91 /* TagController.swift */; };
		480526C323CC54B500D62224 /* AccountTypeController.swift in Sources */ = {isa = PBXBuildFile; fileRef = 480526C223CC54B500D62224 /* AccountTypeController.swift */; };
		4836FCCB23D2EE4400C80D89 /* publisherExplanationController.swift in Sources */ = {isa = PBXBuildFile; fileRef = 4836FCCA23D2EE4400C80D89 /* publisherExplanationController.swift */; };
		4844916623CFCD9F000E13FA /* Assets.xcassets in Resources */ = {isa = PBXBuildFile; fileRef = 4844916523CFCD9F000E13FA /* Assets.xcassets */; };
		485605B123CEE938006CEBC9 /* ListenerCategoriesController.swift in Sources */ = {isa = PBXBuildFile; fileRef = 485605B023CEE938006CEBC9 /* ListenerCategoriesController.swift */; };
		485605B323CEF5BE006CEBC9 /* Categories.swift in Sources */ = {isa = PBXBuildFile; fileRef = 485605B223CEF5BE006CEBC9 /* Categories.swift */; };
		4868045323E6D96800F8B244 /* LaunchScreenController.swift in Sources */ = {isa = PBXBuildFile; fileRef = 4868045223E6D96800F8B244 /* LaunchScreenController.swift */; };
		487AA91123D64C8300B53F26 /* PublisherSummaryController.swift in Sources */ = {isa = PBXBuildFile; fileRef = 487AA91023D64C8300B53F26 /* PublisherSummaryController.swift */; };
		487DFC8423D5245E00137C36 /* publisherImageController.swift in Sources */ = {isa = PBXBuildFile; fileRef = 487DFC8323D5245E00137C36 /* publisherImageController.swift */; };
		488CB63F23D5379D00E9EBA4 /* publisherCategoriesController.swift in Sources */ = {isa = PBXBuildFile; fileRef = 488CB63E23D5379D00E9EBA4 /* publisherCategoriesController.swift */; };
		488CB64123D5571700E9EBA4 /* ListenerNameController.swift in Sources */ = {isa = PBXBuildFile; fileRef = 488CB64023D5571700E9EBA4 /* ListenerNameController.swift */; };
		48A4E0E823CAFE4300A58F61 /* SignInController.swift in Sources */ = {isa = PBXBuildFile; fileRef = 48A4E0E723CAFE4300A58F61 /* SignInController.swift */; };
		48B8687C23C7131A00EFEB88 /* CreateUserController.swift in Sources */ = {isa = PBXBuildFile; fileRef = 48B8687B23C7131A00EFEB88 /* CreateUserController.swift */; };
		48B8688023C744B800EFEB88 /* CreateUsername.swift in Sources */ = {isa = PBXBuildFile; fileRef = 48B8687F23C744B800EFEB88 /* CreateUsername.swift */; };
		48B8688423C7586A00EFEB88 /* AddEmail.swift in Sources */ = {isa = PBXBuildFile; fileRef = 48B8688323C7586A00EFEB88 /* AddEmail.swift */; };
		48C084DF23CA7148009F417F /* CreatePassword.swift in Sources */ = {isa = PBXBuildFile; fileRef = 48C084DE23CA7148009F417F /* CreatePassword.swift */; };
		48C084E123CA7166009F417F /* AddBirthDate.swift in Sources */ = {isa = PBXBuildFile; fileRef = 48C084E023CA7166009F417F /* AddBirthDate.swift */; };
		48C1E87623D4302700AACD71 /* publisherNameController.swift in Sources */ = {isa = PBXBuildFile; fileRef = 48C1E87523D4302700AACD71 /* publisherNameController.swift */; };
		48DC720F23C6E998002AB21F /* AppDelegate.swift in Sources */ = {isa = PBXBuildFile; fileRef = 48DC720E23C6E998002AB21F /* AppDelegate.swift */; };
		48DC721123C6E998002AB21F /* InitialSignupController.swift in Sources */ = {isa = PBXBuildFile; fileRef = 48DC721023C6E998002AB21F /* InitialSignupController.swift */; };
		48DC721423C6E998002AB21F /* Main.storyboard in Resources */ = {isa = PBXBuildFile; fileRef = 48DC721223C6E998002AB21F /* Main.storyboard */; };
		48DC721923C6E999002AB21F /* LaunchScreen.storyboard in Resources */ = {isa = PBXBuildFile; fileRef = 48DC721723C6E999002AB21F /* LaunchScreen.storyboard */; };
		48DEC40623CFDD83005A1E83 /* ListenerProgramSelectionController.swift in Sources */ = {isa = PBXBuildFile; fileRef = 48DEC40523CFDD83005A1E83 /* ListenerProgramSelectionController.swift */; };
		48DEC40823CFE999005A1E83 /* OnboardingProgramCell.swift in Sources */ = {isa = PBXBuildFile; fileRef = 48DEC40723CFE999005A1E83 /* OnboardingProgramCell.swift */; };
		48F25C9823CEC8EA00B91AE2 /* OnboardingListener.storyboard in Resources */ = {isa = PBXBuildFile; fileRef = 48F25C9723CEC8EA00B91AE2 /* OnboardingListener.storyboard */; };
		48F655C423CFAF20004B44E0 /* ListenerProfileImageController.swift in Sources */ = {isa = PBXBuildFile; fileRef = 48F655C323CFAF20004B44E0 /* ListenerProfileImageController.swift */; };
		48FC1B3C23D10CA800318113 /* OnboardingPublisher.storyboard in Resources */ = {isa = PBXBuildFile; fileRef = 48FC1B3B23D10CA800318113 /* OnboardingPublisher.storyboard */; };
/* End PBXBuildFile section */

/* Begin PBXFileReference section */
		4801619723C7BE500038318B /* CustomStyle.swift */ = {isa = PBXFileReference; lastKnownFileType = sourcecode.swift; path = CustomStyle.swift; sourceTree = "<group>"; };
		480161A023C84EC60038318B /* UsernameDataModel.swift */ = {isa = PBXFileReference; lastKnownFileType = sourcecode.swift; path = UsernameDataModel.swift; sourceTree = "<group>"; };
		4801959023D7C9680027FA91 /* DeviceSizes.swift */ = {isa = PBXFileReference; lastKnownFileType = sourcecode.swift; path = DeviceSizes.swift; sourceTree = "<group>"; };
		4801959223D80BE60027FA91 /* TagController.swift */ = {isa = PBXFileReference; lastKnownFileType = sourcecode.swift; path = TagController.swift; sourceTree = "<group>"; };
		480526C223CC54B500D62224 /* AccountTypeController.swift */ = {isa = PBXFileReference; lastKnownFileType = sourcecode.swift; path = AccountTypeController.swift; sourceTree = "<group>"; };
		4836FCCA23D2EE4400C80D89 /* publisherExplanationController.swift */ = {isa = PBXFileReference; lastKnownFileType = sourcecode.swift; name = publisherExplanationController.swift; path = "Snippets/Onboarding/Controllers/Publisher controllers/publisherExplanationController.swift"; sourceTree = SOURCE_ROOT; };
		4844916523CFCD9F000E13FA /* Assets.xcassets */ = {isa = PBXFileReference; lastKnownFileType = folder.assetcatalog; name = Assets.xcassets; path = Snippets/Assets.xcassets; sourceTree = "<group>"; };
		485605B023CEE938006CEBC9 /* ListenerCategoriesController.swift */ = {isa = PBXFileReference; lastKnownFileType = sourcecode.swift; path = ListenerCategoriesController.swift; sourceTree = "<group>"; };
		485605B223CEF5BE006CEBC9 /* Categories.swift */ = {isa = PBXFileReference; lastKnownFileType = sourcecode.swift; path = Categories.swift; sourceTree = "<group>"; };
		4868045223E6D96800F8B244 /* LaunchScreenController.swift */ = {isa = PBXFileReference; lastKnownFileType = sourcecode.swift; path = LaunchScreenController.swift; sourceTree = "<group>"; };
		487AA91023D64C8300B53F26 /* PublisherSummaryController.swift */ = {isa = PBXFileReference; lastKnownFileType = sourcecode.swift; path = PublisherSummaryController.swift; sourceTree = "<group>"; };
		487DFC8323D5245E00137C36 /* publisherImageController.swift */ = {isa = PBXFileReference; lastKnownFileType = sourcecode.swift; path = publisherImageController.swift; sourceTree = "<group>"; };
		488CB63E23D5379D00E9EBA4 /* publisherCategoriesController.swift */ = {isa = PBXFileReference; lastKnownFileType = sourcecode.swift; path = publisherCategoriesController.swift; sourceTree = "<group>"; };
		488CB64023D5571700E9EBA4 /* ListenerNameController.swift */ = {isa = PBXFileReference; lastKnownFileType = sourcecode.swift; path = ListenerNameController.swift; sourceTree = "<group>"; };
		48A4E0E723CAFE4300A58F61 /* SignInController.swift */ = {isa = PBXFileReference; lastKnownFileType = sourcecode.swift; path = SignInController.swift; sourceTree = "<group>"; };
		48B8687B23C7131A00EFEB88 /* CreateUserController.swift */ = {isa = PBXFileReference; lastKnownFileType = sourcecode.swift; path = CreateUserController.swift; sourceTree = "<group>"; };
		48B8687F23C744B800EFEB88 /* CreateUsername.swift */ = {isa = PBXFileReference; lastKnownFileType = sourcecode.swift; path = CreateUsername.swift; sourceTree = "<group>"; };
		48B8688323C7586A00EFEB88 /* AddEmail.swift */ = {isa = PBXFileReference; lastKnownFileType = sourcecode.swift; path = AddEmail.swift; sourceTree = "<group>"; };
		48C084DE23CA7148009F417F /* CreatePassword.swift */ = {isa = PBXFileReference; lastKnownFileType = sourcecode.swift; path = CreatePassword.swift; sourceTree = "<group>"; };
		48C084E023CA7166009F417F /* AddBirthDate.swift */ = {isa = PBXFileReference; lastKnownFileType = sourcecode.swift; path = AddBirthDate.swift; sourceTree = "<group>"; };
		48C1E87523D4302700AACD71 /* publisherNameController.swift */ = {isa = PBXFileReference; lastKnownFileType = sourcecode.swift; name = publisherNameController.swift; path = "Snippets/Onboarding/Controllers/Publisher controllers/publisherNameController.swift"; sourceTree = SOURCE_ROOT; };
		48DC720B23C6E998002AB21F /* Snippets.app */ = {isa = PBXFileReference; explicitFileType = wrapper.application; includeInIndex = 0; path = Snippets.app; sourceTree = BUILT_PRODUCTS_DIR; };
		48DC720E23C6E998002AB21F /* AppDelegate.swift */ = {isa = PBXFileReference; lastKnownFileType = sourcecode.swift; path = AppDelegate.swift; sourceTree = "<group>"; };
		48DC721023C6E998002AB21F /* InitialSignupController.swift */ = {isa = PBXFileReference; lastKnownFileType = sourcecode.swift; path = InitialSignupController.swift; sourceTree = "<group>"; };
		48DC721323C6E998002AB21F /* Base */ = {isa = PBXFileReference; lastKnownFileType = file.storyboard; name = Base; path = Base.lproj/Main.storyboard; sourceTree = "<group>"; };
		48DC721823C6E999002AB21F /* Base */ = {isa = PBXFileReference; lastKnownFileType = file.storyboard; name = Base; path = Base.lproj/LaunchScreen.storyboard; sourceTree = "<group>"; };
		48DC721A23C6E999002AB21F /* Info.plist */ = {isa = PBXFileReference; lastKnownFileType = text.plist.xml; path = Info.plist; sourceTree = "<group>"; };
		48DEC40523CFDD83005A1E83 /* ListenerProgramSelectionController.swift */ = {isa = PBXFileReference; lastKnownFileType = sourcecode.swift; path = ListenerProgramSelectionController.swift; sourceTree = "<group>"; };
		48DEC40723CFE999005A1E83 /* OnboardingProgramCell.swift */ = {isa = PBXFileReference; lastKnownFileType = sourcecode.swift; path = OnboardingProgramCell.swift; sourceTree = "<group>"; };
		48F25C9723CEC8EA00B91AE2 /* OnboardingListener.storyboard */ = {isa = PBXFileReference; lastKnownFileType = file.storyboard; path = OnboardingListener.storyboard; sourceTree = "<group>"; };
		48F655C323CFAF20004B44E0 /* ListenerProfileImageController.swift */ = {isa = PBXFileReference; lastKnownFileType = sourcecode.swift; path = ListenerProfileImageController.swift; sourceTree = "<group>"; };
		48FC1B3B23D10CA800318113 /* OnboardingPublisher.storyboard */ = {isa = PBXFileReference; lastKnownFileType = file.storyboard; path = OnboardingPublisher.storyboard; sourceTree = "<group>"; };
/* End PBXFileReference section */

/* Begin PBXFrameworksBuildPhase section */
		48DC720823C6E998002AB21F /* Frameworks */ = {
			isa = PBXFrameworksBuildPhase;
			buildActionMask = 2147483647;
			files = (
			);
			runOnlyForDeploymentPostprocessing = 0;
		};
/* End PBXFrameworksBuildPhase section */

/* Begin PBXGroup section */
		4801619923C7F5FC0038318B /* Onboarding */ = {
			isa = PBXGroup;
			children = (
				48F25C9923CECF8500B91AE2 /* Storyboards */,
				4801619C23C7F6B20038318B /* Controllers */,
				4801619B23C7F69A0038318B /* Views */,
				480485E023CBB5AF00F8CA89 /* Extensions */,
				4801619F23C849CF0038318B /* Models */,
			);
			path = Onboarding;
			sourceTree = "<group>";
		};
		4801619A23C7F6170038318B /* Custom style */ = {
			isa = PBXGroup;
			children = (
				4801619723C7BE500038318B /* CustomStyle.swift */,
			);
			path = "Custom style";
			sourceTree = "<group>";
		};
		4801619B23C7F69A0038318B /* Views */ = {
			isa = PBXGroup;
			children = (
				48B8687F23C744B800EFEB88 /* CreateUsername.swift */,
				48B8688323C7586A00EFEB88 /* AddEmail.swift */,
				48C084DE23CA7148009F417F /* CreatePassword.swift */,
				48C084E023CA7166009F417F /* AddBirthDate.swift */,
				48DEC40723CFE999005A1E83 /* OnboardingProgramCell.swift */,
			);
			path = Views;
			sourceTree = "<group>";
		};
		4801619C23C7F6B20038318B /* Controllers */ = {
			isa = PBXGroup;
			children = (
				487DFC8823D524C400137C36 /* Initial sign-up */,
				487DFC8723D5248F00137C36 /* Listener controlers */,
				487DFC8623D5247800137C36 /* Publisher controllers */,
			);
			path = Controllers;
			sourceTree = "<group>";
		};
		4801619F23C849CF0038318B /* Models */ = {
			isa = PBXGroup;
			children = (
				485605B223CEF5BE006CEBC9 /* Categories.swift */,
				480161A023C84EC60038318B /* UsernameDataModel.swift */,
			);
			path = Models;
			sourceTree = "<group>";
		};
		480485E023CBB5AF00F8CA89 /* Extensions */ = {
			isa = PBXGroup;
			children = (
				4801959023D7C9680027FA91 /* DeviceSizes.swift */,
			);
			path = Extensions;
			sourceTree = "<group>";
		};
		487DFC8623D5247800137C36 /* Publisher controllers */ = {
			isa = PBXGroup;
			children = (
				4836FCCA23D2EE4400C80D89 /* publisherExplanationController.swift */,
				48C1E87523D4302700AACD71 /* publisherNameController.swift */,
				487DFC8323D5245E00137C36 /* publisherImageController.swift */,
				488CB63E23D5379D00E9EBA4 /* publisherCategoriesController.swift */,
				487AA91023D64C8300B53F26 /* PublisherSummaryController.swift */,
				4801959223D80BE60027FA91 /* TagController.swift */,
			);
			path = "Publisher controllers";
			sourceTree = "<group>";
		};
		487DFC8723D5248F00137C36 /* Listener controlers */ = {
			isa = PBXGroup;
			children = (
				48F655C323CFAF20004B44E0 /* ListenerProfileImageController.swift */,
				488CB64023D5571700E9EBA4 /* ListenerNameController.swift */,
				485605B023CEE938006CEBC9 /* ListenerCategoriesController.swift */,
				48DEC40523CFDD83005A1E83 /* ListenerProgramSelectionController.swift */,
			);
			path = "Listener controlers";
			sourceTree = "<group>";
		};
		487DFC8823D524C400137C36 /* Initial sign-up */ = {
			isa = PBXGroup;
			children = (
				48DC721023C6E998002AB21F /* InitialSignupController.swift */,
				48B8687B23C7131A00EFEB88 /* CreateUserController.swift */,
				480526C223CC54B500D62224 /* AccountTypeController.swift */,
				48A4E0E723CAFE4300A58F61 /* SignInController.swift */,
			);
			path = "Initial sign-up";
			sourceTree = "<group>";
		};
		48DC720223C6E998002AB21F = {
			isa = PBXGroup;
			children = (
				4844916523CFCD9F000E13FA /* Assets.xcassets */,
				48DC720D23C6E998002AB21F /* Snippets */,
				48DC720C23C6E998002AB21F /* Products */,
			);
			sourceTree = "<group>";
		};
		48DC720C23C6E998002AB21F /* Products */ = {
			isa = PBXGroup;
			children = (
				48DC720B23C6E998002AB21F /* Snippets.app */,
			);
			name = Products;
			sourceTree = "<group>";
		};
		48DC720D23C6E998002AB21F /* Snippets */ = {
			isa = PBXGroup;
			children = (
				48DC720E23C6E998002AB21F /* AppDelegate.swift */,
				4801619A23C7F6170038318B /* Custom style */,
				4801619923C7F5FC0038318B /* Onboarding */,
				4868045223E6D96800F8B244 /* LaunchScreenController.swift */,
				48DC721723C6E999002AB21F /* LaunchScreen.storyboard */,
				48DC721A23C6E999002AB21F /* Info.plist */,
			);
			path = Snippets;
			sourceTree = "<group>";
		};
		48F25C9923CECF8500B91AE2 /* Storyboards */ = {
			isa = PBXGroup;
			children = (
				48DC721223C6E998002AB21F /* Main.storyboard */,
				48F25C9723CEC8EA00B91AE2 /* OnboardingListener.storyboard */,
				48FC1B3B23D10CA800318113 /* OnboardingPublisher.storyboard */,
			);
			path = Storyboards;
			sourceTree = "<group>";
		};
/* End PBXGroup section */

/* Begin PBXNativeTarget section */
		48DC720A23C6E998002AB21F /* Snippets */ = {
			isa = PBXNativeTarget;
			buildConfigurationList = 48DC721D23C6E999002AB21F /* Build configuration list for PBXNativeTarget "Snippets" */;
			buildPhases = (
				48DC720723C6E998002AB21F /* Sources */,
				48DC720823C6E998002AB21F /* Frameworks */,
				48DC720923C6E998002AB21F /* Resources */,
			);
			buildRules = (
			);
			dependencies = (
			);
			name = Snippets;
			productName = Snippets;
			productReference = 48DC720B23C6E998002AB21F /* Snippets.app */;
			productType = "com.apple.product-type.application";
		};
/* End PBXNativeTarget section */

/* Begin PBXProject section */
		48DC720323C6E998002AB21F /* Project object */ = {
			isa = PBXProject;
			attributes = {
				LastSwiftUpdateCheck = 1030;
				LastUpgradeCheck = 1030;
				ORGANIZATIONNAME = "Waylan Sands";
				TargetAttributes = {
					48DC720A23C6E998002AB21F = {
						CreatedOnToolsVersion = 10.3;
					};
				};
			};
			buildConfigurationList = 48DC720623C6E998002AB21F /* Build configuration list for PBXProject "Snippets" */;
			compatibilityVersion = "Xcode 9.3";
			developmentRegion = en;
			hasScannedForEncodings = 0;
			knownRegions = (
				en,
				Base,
			);
			mainGroup = 48DC720223C6E998002AB21F;
			productRefGroup = 48DC720C23C6E998002AB21F /* Products */;
			projectDirPath = "";
			projectRoot = "";
			targets = (
				48DC720A23C6E998002AB21F /* Snippets */,
			);
		};
/* End PBXProject section */

/* Begin PBXResourcesBuildPhase section */
		48DC720923C6E998002AB21F /* Resources */ = {
			isa = PBXResourcesBuildPhase;
			buildActionMask = 2147483647;
			files = (
				48DC721923C6E999002AB21F /* LaunchScreen.storyboard in Resources */,
				48F25C9823CEC8EA00B91AE2 /* OnboardingListener.storyboard in Resources */,
				4844916623CFCD9F000E13FA /* Assets.xcassets in Resources */,
				48DC721423C6E998002AB21F /* Main.storyboard in Resources */,
				48FC1B3C23D10CA800318113 /* OnboardingPublisher.storyboard in Resources */,
			);
			runOnlyForDeploymentPostprocessing = 0;
		};
/* End PBXResourcesBuildPhase section */

/* Begin PBXSourcesBuildPhase section */
		48DC720723C6E998002AB21F /* Sources */ = {
			isa = PBXSourcesBuildPhase;
			buildActionMask = 2147483647;
			files = (
				48B8687C23C7131A00EFEB88 /* CreateUserController.swift in Sources */,
				487DFC8423D5245E00137C36 /* publisherImageController.swift in Sources */,
				48DEC40823CFE999005A1E83 /* OnboardingProgramCell.swift in Sources */,
				4801619823C7BE500038318B /* CustomStyle.swift in Sources */,
				48B8688023C744B800EFEB88 /* CreateUsername.swift in Sources */,
				4836FCCB23D2EE4400C80D89 /* publisherExplanationController.swift in Sources */,
				487AA91123D64C8300B53F26 /* PublisherSummaryController.swift in Sources */,
				48A4E0E823CAFE4300A58F61 /* SignInController.swift in Sources */,
				48DEC40623CFDD83005A1E83 /* ListenerProgramSelectionController.swift in Sources */,
				48C084E123CA7166009F417F /* AddBirthDate.swift in Sources */,
				48C084DF23CA7148009F417F /* CreatePassword.swift in Sources */,
				488CB63F23D5379D00E9EBA4 /* publisherCategoriesController.swift in Sources */,
				48DC721123C6E998002AB21F /* InitialSignupController.swift in Sources */,
				48B8688423C7586A00EFEB88 /* AddEmail.swift in Sources */,
				480526C323CC54B500D62224 /* AccountTypeController.swift in Sources */,
				485605B123CEE938006CEBC9 /* ListenerCategoriesController.swift in Sources */,
				488CB64123D5571700E9EBA4 /* ListenerNameController.swift in Sources */,
				4868045323E6D96800F8B244 /* LaunchScreenController.swift in Sources */,
				480161A123C84EC60038318B /* UsernameDataModel.swift in Sources */,
				48F655C423CFAF20004B44E0 /* ListenerProfileImageController.swift in Sources */,
				4801959123D7C9680027FA91 /* DeviceSizes.swift in Sources */,
				48DC720F23C6E998002AB21F /* AppDelegate.swift in Sources */,
				485605B323CEF5BE006CEBC9 /* Categories.swift in Sources */,
				4801959323D80BE60027FA91 /* TagController.swift in Sources */,
				48C1E87623D4302700AACD71 /* publisherNameController.swift in Sources */,
			);
			runOnlyForDeploymentPostprocessing = 0;
		};
/* End PBXSourcesBuildPhase section */

/* Begin PBXVariantGroup section */
		48DC721223C6E998002AB21F /* Main.storyboard */ = {
			isa = PBXVariantGroup;
			children = (
				48DC721323C6E998002AB21F /* Base */,
			);
			name = Main.storyboard;
			sourceTree = "<group>";
		};
		48DC721723C6E999002AB21F /* LaunchScreen.storyboard */ = {
			isa = PBXVariantGroup;
			children = (
				48DC721823C6E999002AB21F /* Base */,
			);
			name = LaunchScreen.storyboard;
			sourceTree = "<group>";
		};
/* End PBXVariantGroup section */

/* Begin XCBuildConfiguration section */
		48DC721B23C6E999002AB21F /* Debug */ = {
			isa = XCBuildConfiguration;
			buildSettings = {
				ALWAYS_SEARCH_USER_PATHS = NO;
				CLANG_ANALYZER_NONNULL = YES;
				CLANG_ANALYZER_NUMBER_OBJECT_CONVERSION = YES_AGGRESSIVE;
				CLANG_CXX_LANGUAGE_STANDARD = "gnu++14";
				CLANG_CXX_LIBRARY = "libc++";
				CLANG_ENABLE_MODULES = YES;
				CLANG_ENABLE_OBJC_ARC = YES;
				CLANG_ENABLE_OBJC_WEAK = YES;
				CLANG_WARN_BLOCK_CAPTURE_AUTORELEASING = YES;
				CLANG_WARN_BOOL_CONVERSION = YES;
				CLANG_WARN_COMMA = YES;
				CLANG_WARN_CONSTANT_CONVERSION = YES;
				CLANG_WARN_DEPRECATED_OBJC_IMPLEMENTATIONS = YES;
				CLANG_WARN_DIRECT_OBJC_ISA_USAGE = YES_ERROR;
				CLANG_WARN_DOCUMENTATION_COMMENTS = YES;
				CLANG_WARN_EMPTY_BODY = YES;
				CLANG_WARN_ENUM_CONVERSION = YES;
				CLANG_WARN_INFINITE_RECURSION = YES;
				CLANG_WARN_INT_CONVERSION = YES;
				CLANG_WARN_NON_LITERAL_NULL_CONVERSION = YES;
				CLANG_WARN_OBJC_IMPLICIT_RETAIN_SELF = YES;
				CLANG_WARN_OBJC_LITERAL_CONVERSION = YES;
				CLANG_WARN_OBJC_ROOT_CLASS = YES_ERROR;
				CLANG_WARN_RANGE_LOOP_ANALYSIS = YES;
				CLANG_WARN_STRICT_PROTOTYPES = YES;
				CLANG_WARN_SUSPICIOUS_MOVE = YES;
				CLANG_WARN_UNGUARDED_AVAILABILITY = YES_AGGRESSIVE;
				CLANG_WARN_UNREACHABLE_CODE = YES;
				CLANG_WARN__DUPLICATE_METHOD_MATCH = YES;
				CODE_SIGN_IDENTITY = "iPhone Developer";
				COPY_PHASE_STRIP = NO;
				DEBUG_INFORMATION_FORMAT = dwarf;
				ENABLE_STRICT_OBJC_MSGSEND = YES;
				ENABLE_TESTABILITY = YES;
				GCC_C_LANGUAGE_STANDARD = gnu11;
				GCC_DYNAMIC_NO_PIC = NO;
				GCC_NO_COMMON_BLOCKS = YES;
				GCC_OPTIMIZATION_LEVEL = 0;
				GCC_PREPROCESSOR_DEFINITIONS = (
					"DEBUG=1",
					"$(inherited)",
				);
				GCC_WARN_64_TO_32_BIT_CONVERSION = YES;
				GCC_WARN_ABOUT_RETURN_TYPE = YES_ERROR;
				GCC_WARN_UNDECLARED_SELECTOR = YES;
				GCC_WARN_UNINITIALIZED_AUTOS = YES_AGGRESSIVE;
				GCC_WARN_UNUSED_FUNCTION = YES;
				GCC_WARN_UNUSED_VARIABLE = YES;
				IPHONEOS_DEPLOYMENT_TARGET = 12.4;
				MTL_ENABLE_DEBUG_INFO = INCLUDE_SOURCE;
				MTL_FAST_MATH = YES;
				ONLY_ACTIVE_ARCH = YES;
				SDKROOT = iphoneos;
				SWIFT_ACTIVE_COMPILATION_CONDITIONS = DEBUG;
				SWIFT_OPTIMIZATION_LEVEL = "-Onone";
			};
			name = Debug;
		};
		48DC721C23C6E999002AB21F /* Release */ = {
			isa = XCBuildConfiguration;
			buildSettings = {
				ALWAYS_SEARCH_USER_PATHS = NO;
				CLANG_ANALYZER_NONNULL = YES;
				CLANG_ANALYZER_NUMBER_OBJECT_CONVERSION = YES_AGGRESSIVE;
				CLANG_CXX_LANGUAGE_STANDARD = "gnu++14";
				CLANG_CXX_LIBRARY = "libc++";
				CLANG_ENABLE_MODULES = YES;
				CLANG_ENABLE_OBJC_ARC = YES;
				CLANG_ENABLE_OBJC_WEAK = YES;
				CLANG_WARN_BLOCK_CAPTURE_AUTORELEASING = YES;
				CLANG_WARN_BOOL_CONVERSION = YES;
				CLANG_WARN_COMMA = YES;
				CLANG_WARN_CONSTANT_CONVERSION = YES;
				CLANG_WARN_DEPRECATED_OBJC_IMPLEMENTATIONS = YES;
				CLANG_WARN_DIRECT_OBJC_ISA_USAGE = YES_ERROR;
				CLANG_WARN_DOCUMENTATION_COMMENTS = YES;
				CLANG_WARN_EMPTY_BODY = YES;
				CLANG_WARN_ENUM_CONVERSION = YES;
				CLANG_WARN_INFINITE_RECURSION = YES;
				CLANG_WARN_INT_CONVERSION = YES;
				CLANG_WARN_NON_LITERAL_NULL_CONVERSION = YES;
				CLANG_WARN_OBJC_IMPLICIT_RETAIN_SELF = YES;
				CLANG_WARN_OBJC_LITERAL_CONVERSION = YES;
				CLANG_WARN_OBJC_ROOT_CLASS = YES_ERROR;
				CLANG_WARN_RANGE_LOOP_ANALYSIS = YES;
				CLANG_WARN_STRICT_PROTOTYPES = YES;
				CLANG_WARN_SUSPICIOUS_MOVE = YES;
				CLANG_WARN_UNGUARDED_AVAILABILITY = YES_AGGRESSIVE;
				CLANG_WARN_UNREACHABLE_CODE = YES;
				CLANG_WARN__DUPLICATE_METHOD_MATCH = YES;
				CODE_SIGN_IDENTITY = "iPhone Developer";
				COPY_PHASE_STRIP = NO;
				DEBUG_INFORMATION_FORMAT = "dwarf-with-dsym";
				ENABLE_NS_ASSERTIONS = NO;
				ENABLE_STRICT_OBJC_MSGSEND = YES;
				GCC_C_LANGUAGE_STANDARD = gnu11;
				GCC_NO_COMMON_BLOCKS = YES;
				GCC_WARN_64_TO_32_BIT_CONVERSION = YES;
				GCC_WARN_ABOUT_RETURN_TYPE = YES_ERROR;
				GCC_WARN_UNDECLARED_SELECTOR = YES;
				GCC_WARN_UNINITIALIZED_AUTOS = YES_AGGRESSIVE;
				GCC_WARN_UNUSED_FUNCTION = YES;
				GCC_WARN_UNUSED_VARIABLE = YES;
				IPHONEOS_DEPLOYMENT_TARGET = 12.4;
				MTL_ENABLE_DEBUG_INFO = NO;
				MTL_FAST_MATH = YES;
				SDKROOT = iphoneos;
				SWIFT_COMPILATION_MODE = wholemodule;
				SWIFT_OPTIMIZATION_LEVEL = "-O";
				VALIDATE_PRODUCT = YES;
			};
			name = Release;
		};
		48DC721E23C6E999002AB21F /* Debug */ = {
			isa = XCBuildConfiguration;
			buildSettings = {
				ASSETCATALOG_COMPILER_APPICON_NAME = AppIcon;
				CODE_SIGN_STYLE = Automatic;
				DEVELOPMENT_TEAM = PMDTSY5PZ6;
				INFOPLIST_FILE = Snippets/Info.plist;
				LD_RUNPATH_SEARCH_PATHS = (
					"$(inherited)",
					"@executable_path/Frameworks",
				);
				PRODUCT_BUNDLE_IDENTIFIER = com.waylansands.Snippets;
				PRODUCT_NAME = "$(TARGET_NAME)";
				SWIFT_VERSION = 5.0;
				TARGETED_DEVICE_FAMILY = "1,2";
			};
			name = Debug;
		};
		48DC721F23C6E999002AB21F /* Release */ = {
			isa = XCBuildConfiguration;
			buildSettings = {
				ASSETCATALOG_COMPILER_APPICON_NAME = AppIcon;
				CODE_SIGN_STYLE = Automatic;
				DEVELOPMENT_TEAM = PMDTSY5PZ6;
				INFOPLIST_FILE = Snippets/Info.plist;
				LD_RUNPATH_SEARCH_PATHS = (
					"$(inherited)",
					"@executable_path/Frameworks",
				);
				PRODUCT_BUNDLE_IDENTIFIER = com.waylansands.Snippets;
				PRODUCT_NAME = "$(TARGET_NAME)";
				SWIFT_VERSION = 5.0;
				TARGETED_DEVICE_FAMILY = "1,2";
			};
			name = Release;
		};
/* End XCBuildConfiguration section */

/* Begin XCConfigurationList section */
		48DC720623C6E998002AB21F /* Build configuration list for PBXProject "Snippets" */ = {
			isa = XCConfigurationList;
			buildConfigurations = (
				48DC721B23C6E999002AB21F /* Debug */,
				48DC721C23C6E999002AB21F /* Release */,
			);
			defaultConfigurationIsVisible = 0;
			defaultConfigurationName = Release;
		};
		48DC721D23C6E999002AB21F /* Build configuration list for PBXNativeTarget "Snippets" */ = {
			isa = XCConfigurationList;
			buildConfigurations = (
				48DC721E23C6E999002AB21F /* Debug */,
				48DC721F23C6E999002AB21F /* Release */,
			);
			defaultConfigurationIsVisible = 0;
			defaultConfigurationName = Release;
		};
/* End XCConfigurationList section */
	};
	rootObject = 48DC720323C6E998002AB21F /* Project object */;
}
