// !$*UTF8*$!
{
	archiveVersion = 1;
	classes = {
	};
	objectVersion = 51;
	objects = {

/* Begin PBXBuildFile section */
		0FD107C9A74D61DE3EEBB529 /* Pods_Dune.framework in Frameworks */ = {isa = PBXBuildFile; fileRef = 53708AC5C9CACFEB5AA66C80 /* Pods_Dune.framework */; };
		4801619823C7BE500038318B /* CustomStyle.swift in Sources */ = {isa = PBXBuildFile; fileRef = 4801619723C7BE500038318B /* CustomStyle.swift */; };
		4801959123D7C9680027FA91 /* DeviceSizes.swift in Sources */ = {isa = PBXBuildFile; fileRef = 4801959023D7C9680027FA91 /* DeviceSizes.swift */; };
		480516C1244B2A120097334E /* DuneAudioPlayer.swift in Sources */ = {isa = PBXBuildFile; fileRef = 480516C0244B2A120097334E /* DuneAudioPlayer.swift */; };
		480526C323CC54B500D62224 /* AccountTypeVC.swift in Sources */ = {isa = PBXBuildFile; fileRef = 480526C223CC54B500D62224 /* AccountTypeVC.swift */; };
		480825E9240C65FC007C4352 /* StubbedPrograms.swift in Sources */ = {isa = PBXBuildFile; fileRef = 480825E8240C65FC007C4352 /* StubbedPrograms.swift */; };
		480907AF242AA5E0008FC504 /* CustomAnimation.swift in Sources */ = {isa = PBXBuildFile; fileRef = 480907AE242AA5E0008FC504 /* CustomAnimation.swift */; };
		480A0B3A2421A9160041CF2E /* drawWaveform.swift in Sources */ = {isa = PBXBuildFile; fileRef = 480A0B392421A9160041CF2E /* drawWaveform.swift */; };
		480A9F6224417310001A5F4B /* FireStoreManager.swift in Sources */ = {isa = PBXBuildFile; fileRef = 480A9F6124417310001A5F4B /* FireStoreManager.swift */; };
		480A9F6424417D28001A5F4B /* FireStorageManager.swift in Sources */ = {isa = PBXBuildFile; fileRef = 480A9F6324417D28001A5F4B /* FireStorageManager.swift */; };
		480A9F662441DFC6001A5F4B /* FireAuthManager.swift in Sources */ = {isa = PBXBuildFile; fileRef = 480A9F652441DFC6001A5F4B /* FireAuthManager.swift */; };
		480B040C2439562D00F26638 /* UIScrollView+Ext.swift in Sources */ = {isa = PBXBuildFile; fileRef = 480B040B2439562D00F26638 /* UIScrollView+Ext.swift */; };
		480DDA2623E8BB190078FEAC /* PublisherAddSummaryController.swift in Sources */ = {isa = PBXBuildFile; fileRef = 480DDA2523E8BB190078FEAC /* PublisherAddSummaryController.swift */; };
		4819C2372460DAFA00C6696A /* FireStoreManager-Trending.swift in Sources */ = {isa = PBXBuildFile; fileRef = 4819C2362460DAFA00C6696A /* FireStoreManager-Trending.swift */; };
		4819C23924619A7400C6696A /* Int+Ext.swift in Sources */ = {isa = PBXBuildFile; fileRef = 4819C23824619A7400C6696A /* Int+Ext.swift */; };
		48205C64240710570049C131 /* InvitePeopleVC.swift in Sources */ = {isa = PBXBuildFile; fileRef = 48205C63240710570049C131 /* InvitePeopleVC.swift */; };
		48239C75246B4CDA00AD6A86 /* ProgramProfileVC.swift in Sources */ = {isa = PBXBuildFile; fileRef = 48239C74246B4CDA00AD6A86 /* ProgramProfileVC.swift */; };
		48239C77246BAF3900AD6A86 /* SubProgramProfileVC.swift in Sources */ = {isa = PBXBuildFile; fileRef = 48239C76246BAF3900AD6A86 /* SubProgramProfileVC.swift */; };
		4824AF462454D94F00E208A3 /* Dict+Ext.swift in Sources */ = {isa = PBXBuildFile; fileRef = 4824AF452454D94F00E208A3 /* Dict+Ext.swift */; };
		482950C124330B980040EF29 /* TVLoadingAnimationView.swift in Sources */ = {isa = PBXBuildFile; fileRef = 482950C024330B980040EF29 /* TVLoadingAnimationView.swift */; };
		482950C5243440EC0040EF29 /* SignUpVC.swift in Sources */ = {isa = PBXBuildFile; fileRef = 482950C4243440EC0040EF29 /* SignUpVC.swift */; };
		482950C724344B6C0040EF29 /* SignInVC.swift in Sources */ = {isa = PBXBuildFile; fileRef = 482950C624344B6C0040EF29 /* SignInVC.swift */; };
		482BD9C6244085A700CA11D2 /* ChangeEmailVC.swift in Sources */ = {isa = PBXBuildFile; fileRef = 482BD9C5244085A700CA11D2 /* ChangeEmailVC.swift */; };
		482D49D3240EF80B00C22B88 /* ProgramAccountVC.swift in Sources */ = {isa = PBXBuildFile; fileRef = 482D49D2240EF80B00C22B88 /* ProgramAccountVC.swift */; };
		482F23FE241B5A0F0099A282 /* CurrentProgram.swift in Sources */ = {isa = PBXBuildFile; fileRef = 482F23FD241B5A0F0099A282 /* CurrentProgram.swift */; };
		4832A92823EA661400BDAA4E /* PassThoughView.swift in Sources */ = {isa = PBXBuildFile; fileRef = 4832A92723EA661400BDAA4E /* PassThoughView.swift */; };
		4836C68A240E5BD8005E2A9C /* UITextField+Ext.swift in Sources */ = {isa = PBXBuildFile; fileRef = 4836C689240E5BD8005E2A9C /* UITextField+Ext.swift */; };
		48437A35243F2A1500AF9905 /* CustomDatePicker.swift in Sources */ = {isa = PBXBuildFile; fileRef = 48437A34243F2A1500AF9905 /* CustomDatePicker.swift */; };
		48437A37243F4B1E00AF9905 /* ChangeUsernameVC.swift in Sources */ = {isa = PBXBuildFile; fileRef = 48437A36243F4B1E00AF9905 /* ChangeUsernameVC.swift */; };
		48441C2F245036F60061180B /* EditingBooth.swift in Sources */ = {isa = PBXBuildFile; fileRef = 48441C2E245036F60061180B /* EditingBooth.swift */; };
		4844916623CFCD9F000E13FA /* Assets.xcassets in Resources */ = {isa = PBXBuildFile; fileRef = 4844916523CFCD9F000E13FA /* Assets.xcassets */; };
		484DCAAC244FB8EC001118E9 /* DraftEpisodeCell.swift in Sources */ = {isa = PBXBuildFile; fileRef = 484DCAAB244FB8EC001118E9 /* DraftEpisodeCell.swift */; };
		484DCAAE244FD717001118E9 /* Date+Ext.swift in Sources */ = {isa = PBXBuildFile; fileRef = 484DCAAD244FD717001118E9 /* Date+Ext.swift */; };
		484EA87D24432B96000B6BF4 /* ChangePasswordVC.swift in Sources */ = {isa = PBXBuildFile; fileRef = 484EA87C24432B96000B6BF4 /* ChangePasswordVC.swift */; };
		484FD694241F2A79008087AA /* RecordBoothVC.swift in Sources */ = {isa = PBXBuildFile; fileRef = 484FD693241F2A79008087AA /* RecordBoothVC.swift */; };
		485605B123CEE938006CEBC9 /* ListenerCategoriesController.swift in Sources */ = {isa = PBXBuildFile; fileRef = 485605B023CEE938006CEBC9 /* ListenerCategoriesController.swift */; };
		485605B323CEF5BE006CEBC9 /* Category.swift in Sources */ = {isa = PBXBuildFile; fileRef = 485605B223CEF5BE006CEBC9 /* Category.swift */; };
		4858B14124627E3800C20CE4 /* FireStoreManager-ProgramVC.swift in Sources */ = {isa = PBXBuildFile; fileRef = 4858B14024627E3800C20CE4 /* FireStoreManager-ProgramVC.swift */; };
		485B68D32468399100E3D7AC /* ProgramSelectionView.swift in Sources */ = {isa = PBXBuildFile; fileRef = 485B68D22468399100E3D7AC /* ProgramSelectionView.swift */; };
		48616F0323FA208100E91530 /* UITextView+Ext.swift in Sources */ = {isa = PBXBuildFile; fileRef = 48616F0223FA208100E91530 /* UITextView+Ext.swift */; };
		48616F0523FA220800E91530 /* UIView+Ext.swift in Sources */ = {isa = PBXBuildFile; fileRef = 48616F0423FA220800E91530 /* UIView+Ext.swift */; };
		48616F0823FA4F1700E91530 /* MainFeedVC.swift in Sources */ = {isa = PBXBuildFile; fileRef = 48616F0723FA4F1700E91530 /* MainFeedVC.swift */; };
		48616F0A23FA5A0F00E91530 /* SearchVC.swift in Sources */ = {isa = PBXBuildFile; fileRef = 48616F0923FA5A0F00E91530 /* SearchVC.swift */; };
		48616F0C23FA5A3300E91530 /* StudioVC.swift in Sources */ = {isa = PBXBuildFile; fileRef = 48616F0B23FA5A3300E91530 /* StudioVC.swift */; };
		48616F0E23FA5A4900E91530 /* TrendingVC.swift in Sources */ = {isa = PBXBuildFile; fileRef = 48616F0D23FA5A4900E91530 /* TrendingVC.swift */; };
		48616F1023FA5A6500E91530 /* AccountVC.swift in Sources */ = {isa = PBXBuildFile; fileRef = 48616F0F23FA5A6500E91530 /* AccountVC.swift */; };
		48616F1323FA5BAC00E91530 /* MainTabController.swift in Sources */ = {isa = PBXBuildFile; fileRef = 48616F1223FA5BAC00E91530 /* MainTabController.swift */; };
		486E33E2245160DD002325AB /* NetworkingProgress.swift in Sources */ = {isa = PBXBuildFile; fileRef = 486E33E1245160DD002325AB /* NetworkingProgress.swift */; };
		4870767C24281F9100A635BB /* AudioPresetButton.swift in Sources */ = {isa = PBXBuildFile; fileRef = 4870767B24281F9100A635BB /* AudioPresetButton.swift */; };
		4870767E2428233500A635BB /* AudioPresetScrollView.swift in Sources */ = {isa = PBXBuildFile; fileRef = 4870767D2428233500A635BB /* AudioPresetScrollView.swift */; };
		487076802428E11400A635BB /* StaticWaveCreator.swift in Sources */ = {isa = PBXBuildFile; fileRef = 4870767F2428E11400A635BB /* StaticWaveCreator.swift */; };
		487B3E262430A832009CCDF4 /* CustomAlertView.swift in Sources */ = {isa = PBXBuildFile; fileRef = 487B3E252430A832009CCDF4 /* CustomAlertView.swift */; };
		487C647D2443F3F400D01C83 /* FirebaseStatus.swift in Sources */ = {isa = PBXBuildFile; fileRef = 487C647C2443F3F400D01C83 /* FirebaseStatus.swift */; };
		487DFC8423D5245E00137C36 /* publisherImageController.swift in Sources */ = {isa = PBXBuildFile; fileRef = 487DFC8323D5245E00137C36 /* publisherImageController.swift */; };
		487E6A99245B80E000192AF2 /* FireStoreManager-Search.swift in Sources */ = {isa = PBXBuildFile; fileRef = 487E6A98245B80E000192AF2 /* FireStoreManager-Search.swift */; };
		487E6A9B245BCDFB00192AF2 /* Program.swift in Sources */ = {isa = PBXBuildFile; fileRef = 487E6A9A245BCDFB00192AF2 /* Program.swift */; };
		487E6A9D245BD6CC00192AF2 /* ProgramCell.swift in Sources */ = {isa = PBXBuildFile; fileRef = 487E6A9C245BD6CC00192AF2 /* ProgramCell.swift */; };
		4885A3F1245830AD00828601 /* PlaybackBarView.swift in Sources */ = {isa = PBXBuildFile; fileRef = 4885A3F0245830AD00828601 /* PlaybackBarView.swift */; };
		488CB63F23D5379D00E9EBA4 /* publisherCategoriesController.swift in Sources */ = {isa = PBXBuildFile; fileRef = 488CB63E23D5379D00E9EBA4 /* publisherCategoriesController.swift */; };
		488CB64123D5571700E9EBA4 /* ListenerNameController.swift in Sources */ = {isa = PBXBuildFile; fileRef = 488CB64023D5571700E9EBA4 /* ListenerNameController.swift */; };
		48922EE7242C9BFB0017E412 /* BackgroundMusicCell.swift in Sources */ = {isa = PBXBuildFile; fileRef = 48922EE6242C9BFB0017E412 /* BackgroundMusicCell.swift */; };
		48922EE9242C9C370017E412 /* MusicOption.swift in Sources */ = {isa = PBXBuildFile; fileRef = 48922EE8242C9C370017E412 /* MusicOption.swift */; };
		48922EED242CA75E0017E412 /* BackgroundMusic.swift in Sources */ = {isa = PBXBuildFile; fileRef = 48922EEC242CA75E0017E412 /* BackgroundMusic.swift */; };
		48922EEF242D93FA0017E412 /* BackgroundMusicView.swift in Sources */ = {isa = PBXBuildFile; fileRef = 48922EEE242D93FA0017E412 /* BackgroundMusicView.swift */; };
		48922EF1242DB3500017E412 /* AddEpisodeDetails.swift in Sources */ = {isa = PBXBuildFile; fileRef = 48922EF0242DB3500017E412 /* AddEpisodeDetails.swift */; };
		4899A5322462B22D00E72C41 /* CreateProgramVC.swift in Sources */ = {isa = PBXBuildFile; fileRef = 4899A5312462B22D00E72C41 /* CreateProgramVC.swift */; };
		489E14742463B2C0002E3B9F /* SubProgramAccountVC.swift in Sources */ = {isa = PBXBuildFile; fileRef = 489E14732463B2C0002E3B9F /* SubProgramAccountVC.swift */; };
		489E14762463BD71002E3B9F /* EditSubProgramVC.swift in Sources */ = {isa = PBXBuildFile; fileRef = 489E14752463BD71002E3B9F /* EditSubProgramVC.swift */; };
		48AB6AAB24622DF4007EE973 /* DuneIntroPlayer.swift in Sources */ = {isa = PBXBuildFile; fileRef = 48AB6AAA24622DF4007EE973 /* DuneIntroPlayer.swift */; };
		48AC107B24109209009064EB /* String+Ext.swift in Sources */ = {isa = PBXBuildFile; fileRef = 48AC107A24109209009064EB /* String+Ext.swift */; };
		48AC107D2410CF6B009064EB /* UIDatePicker+Ext.swift in Sources */ = {isa = PBXBuildFile; fileRef = 48AC107C2410CF6B009064EB /* UIDatePicker+Ext.swift */; };
		48AF19CA243D75D600650AB0 /* TagButton.swift in Sources */ = {isa = PBXBuildFile; fileRef = 48AF19C9243D75D600650AB0 /* TagButton.swift */; };
		48AF2DF524296F9700662F9F /* AudioEffectCreator.swift in Sources */ = {isa = PBXBuildFile; fileRef = 48AF2DF424296F9700662F9F /* AudioEffectCreator.swift */; };
		48B26242244949DA0073ADAF /* EpisodeCell.swift in Sources */ = {isa = PBXBuildFile; fileRef = 48B26241244949DA0073ADAF /* EpisodeCell.swift */; };
		48B3740624207992003F47E9 /* ResponsiveWaveformView.swift in Sources */ = {isa = PBXBuildFile; fileRef = 48B3740524207992003F47E9 /* ResponsiveWaveformView.swift */; };
		48B8687C23C7131A00EFEB88 /* CreateUserVC.swift in Sources */ = {isa = PBXBuildFile; fileRef = 48B8687B23C7131A00EFEB88 /* CreateUserVC.swift */; };
		48B8688023C744B800EFEB88 /* CreateUsername.swift in Sources */ = {isa = PBXBuildFile; fileRef = 48B8687F23C744B800EFEB88 /* CreateUsername.swift */; };
		48B8688423C7586A00EFEB88 /* AddEmail.swift in Sources */ = {isa = PBXBuildFile; fileRef = 48B8688323C7586A00EFEB88 /* AddEmail.swift */; };
		48C084DF23CA7148009F417F /* CreatePassword.swift in Sources */ = {isa = PBXBuildFile; fileRef = 48C084DE23CA7148009F417F /* CreatePassword.swift */; };
		48C084E123CA7166009F417F /* AddBirthDate.swift in Sources */ = {isa = PBXBuildFile; fileRef = 48C084E023CA7166009F417F /* AddBirthDate.swift */; };
		48C1E87623D4302700AACD71 /* ProgramNameVC.swift in Sources */ = {isa = PBXBuildFile; fileRef = 48C1E87523D4302700AACD71 /* ProgramNameVC.swift */; };
		48CFC1F923EB643D004434CC /* CustomNavBar.swift in Sources */ = {isa = PBXBuildFile; fileRef = 48CFC1F823EB643D004434CC /* CustomNavBar.swift */; };
		48D21DF5242340D500BB3A05 /* UIColor+Ext.swift in Sources */ = {isa = PBXBuildFile; fileRef = 48D21DF4242340D500BB3A05 /* UIColor+Ext.swift */; };
		48D533A42403A2DF008EFADF /* AccountSettingsVC.swift in Sources */ = {isa = PBXBuildFile; fileRef = 48D533A32403A2DF008EFADF /* AccountSettingsVC.swift */; };
		48D8ADEA240CBCA800F09731 /* GoogleService-Info.plist in Resources */ = {isa = PBXBuildFile; fileRef = 48D8ADE9240CBCA800F09731 /* GoogleService-Info.plist */; };
		48D9AAA3243BEB3D00F5F212 /* SettingOptions.swift in Sources */ = {isa = PBXBuildFile; fileRef = 48D9AAA2243BEB3D00F5F212 /* SettingOptions.swift */; };
		48DC0F84240CE5E4003D489B /* User.swift in Sources */ = {isa = PBXBuildFile; fileRef = 48DC0F83240CE5E4003D489B /* User.swift */; };
		48DC0F88240CEC88003D489B /* EpisodeStatus.swift in Sources */ = {isa = PBXBuildFile; fileRef = 48DC0F87240CEC88003D489B /* EpisodeStatus.swift */; };
		48DC720F23C6E998002AB21F /* AppDelegate.swift in Sources */ = {isa = PBXBuildFile; fileRef = 48DC720E23C6E998002AB21F /* AppDelegate.swift */; };
		48DC721423C6E998002AB21F /* Main.storyboard in Resources */ = {isa = PBXBuildFile; fileRef = 48DC721223C6E998002AB21F /* Main.storyboard */; };
		48DC721923C6E999002AB21F /* LaunchScreen.storyboard in Resources */ = {isa = PBXBuildFile; fileRef = 48DC721723C6E999002AB21F /* LaunchScreen.storyboard */; };
		48DC7644245F729600FC3575 /* LaunchVC.swift in Sources */ = {isa = PBXBuildFile; fileRef = 48DC7643245F729600FC3575 /* LaunchVC.swift */; };
		48DEC40623CFDD83005A1E83 /* ListenerProgramSelectionController.swift in Sources */ = {isa = PBXBuildFile; fileRef = 48DEC40523CFDD83005A1E83 /* ListenerProgramSelectionController.swift */; };
		48DEC40823CFE999005A1E83 /* OnboardingProgramCell.swift in Sources */ = {isa = PBXBuildFile; fileRef = 48DEC40723CFE999005A1E83 /* OnboardingProgramCell.swift */; };
		48E5438B241C233E00C50C21 /* UIImageView+Ext.swift in Sources */ = {isa = PBXBuildFile; fileRef = 48E5438A241C233E00C50C21 /* UIImageView+Ext.swift */; };
		48E5438D241C297900C50C21 /* CacheControl.swift in Sources */ = {isa = PBXBuildFile; fileRef = 48E5438C241C297900C50C21 /* CacheControl.swift */; };
		48E6EC9F241842C800C1CA99 /* LoadingCircleView.swift in Sources */ = {isa = PBXBuildFile; fileRef = 48E6EC9E241842C800C1CA99 /* LoadingCircleView.swift */; };
		48EC2C9A242637C800F6BBB6 /* AudioTrimmerView.swift in Sources */ = {isa = PBXBuildFile; fileRef = 48EC2C99242637C800F6BBB6 /* AudioTrimmerView.swift */; };
		48ED47952439F1C2003A326A /* EditProgramVC.swift in Sources */ = {isa = PBXBuildFile; fileRef = 48ED47942439F1C2003A326A /* EditProgramVC.swift */; };
		48EF84F6240C569400A150B6 /* Episode.swift in Sources */ = {isa = PBXBuildFile; fileRef = 48EF84F5240C569400A150B6 /* Episode.swift */; };
		48F25C9823CEC8EA00B91AE2 /* OnboardingListener.storyboard in Resources */ = {isa = PBXBuildFile; fileRef = 48F25C9723CEC8EA00B91AE2 /* OnboardingListener.storyboard */; };
		48F4C0F1242C7A44005D84DE /* AddBGMusicVC.swift in Sources */ = {isa = PBXBuildFile; fileRef = 48F4C0F0242C7A44005D84DE /* AddBGMusicVC.swift */; };
		48F655C423CFAF20004B44E0 /* ListenerProfileImageController.swift in Sources */ = {isa = PBXBuildFile; fileRef = 48F655C323CFAF20004B44E0 /* ListenerProfileImageController.swift */; };
		48F866032457816A0013A127 /* PlaybackCircleView.swift in Sources */ = {isa = PBXBuildFile; fileRef = 48F866022457816A0013A127 /* PlaybackCircleView.swift */; };
		48F8DDCE243682DA00A3971E /* UILabel+Ext.swift in Sources */ = {isa = PBXBuildFile; fileRef = 48F8DDCD243682DA00A3971E /* UILabel+Ext.swift */; };
		48F90EB7241C5DBC0005FB9C /* FileManager+Ext.swift in Sources */ = {isa = PBXBuildFile; fileRef = 48F90EB6241C5DBC0005FB9C /* FileManager+Ext.swift */; };
		48F977F824065096005FE445 /* VersionControl.swift in Sources */ = {isa = PBXBuildFile; fileRef = 48F977F724065096005FE445 /* VersionControl.swift */; };
		48FC1B3C23D10CA800318113 /* OnboardingPublisher.storyboard in Resources */ = {isa = PBXBuildFile; fileRef = 48FC1B3B23D10CA800318113 /* OnboardingPublisher.storyboard */; };
		48FE45192419A39C001E075B /* PublisherNotificationsVC.swift in Sources */ = {isa = PBXBuildFile; fileRef = 48FE45182419A39C001E075B /* PublisherNotificationsVC.swift */; };
		48FE451B2419AE07001E075B /* EditAccountVC.swift in Sources */ = {isa = PBXBuildFile; fileRef = 48FE451A2419AE07001E075B /* EditAccountVC.swift */; };
		48FE95F3243AB2BD0085C2EC /* settingsLauncher.swift in Sources */ = {isa = PBXBuildFile; fileRef = 48FE95F2243AB2BD0085C2EC /* settingsLauncher.swift */; };
		48FE95F5243AC7470085C2EC /* SettingsLauncherCell.swift in Sources */ = {isa = PBXBuildFile; fileRef = 48FE95F4243AC7470085C2EC /* SettingsLauncherCell.swift */; };
		48FE95F7243B29370085C2EC /* UpdateProgramDetails.swift in Sources */ = {isa = PBXBuildFile; fileRef = 48FE95F6243B29370085C2EC /* UpdateProgramDetails.swift */; };
		48FE95FA243B4ED10085C2EC /* AccountButton.swift in Sources */ = {isa = PBXBuildFile; fileRef = 48FE95F9243B4ED10085C2EC /* AccountButton.swift */; };
		48FEDEC824676B33006D2E0C /* ProgramSubscriptionTV.swift in Sources */ = {isa = PBXBuildFile; fileRef = 48FEDEC724676B33006D2E0C /* ProgramSubscriptionTV.swift */; };
		48FFF88323FE3AA90071A89A /* ExtendedButton.swift in Sources */ = {isa = PBXBuildFile; fileRef = 48FFF88223FE3AA90071A89A /* ExtendedButton.swift */; };
/* End PBXBuildFile section */

/* Begin PBXFileReference section */
		3BB9E8F2478A62F8C645B14D /* Pods-Dune.release.xcconfig */ = {isa = PBXFileReference; includeInIndex = 1; lastKnownFileType = text.xcconfig; name = "Pods-Dune.release.xcconfig"; path = "Target Support Files/Pods-Dune/Pods-Dune.release.xcconfig"; sourceTree = "<group>"; };
		4801619723C7BE500038318B /* CustomStyle.swift */ = {isa = PBXFileReference; lastKnownFileType = sourcecode.swift; path = CustomStyle.swift; sourceTree = "<group>"; };
		4801959023D7C9680027FA91 /* DeviceSizes.swift */ = {isa = PBXFileReference; lastKnownFileType = sourcecode.swift; path = DeviceSizes.swift; sourceTree = "<group>"; };
		480516C0244B2A120097334E /* DuneAudioPlayer.swift */ = {isa = PBXFileReference; lastKnownFileType = sourcecode.swift; path = DuneAudioPlayer.swift; sourceTree = "<group>"; };
		480526C223CC54B500D62224 /* AccountTypeVC.swift */ = {isa = PBXFileReference; lastKnownFileType = sourcecode.swift; path = AccountTypeVC.swift; sourceTree = "<group>"; };
		480825E8240C65FC007C4352 /* StubbedPrograms.swift */ = {isa = PBXFileReference; lastKnownFileType = sourcecode.swift; path = StubbedPrograms.swift; sourceTree = "<group>"; };
		480907AE242AA5E0008FC504 /* CustomAnimation.swift */ = {isa = PBXFileReference; lastKnownFileType = sourcecode.swift; path = CustomAnimation.swift; sourceTree = "<group>"; };
		480A0B392421A9160041CF2E /* drawWaveform.swift */ = {isa = PBXFileReference; fileEncoding = 4; lastKnownFileType = sourcecode.swift; path = drawWaveform.swift; sourceTree = "<group>"; };
		480A9F6124417310001A5F4B /* FireStoreManager.swift */ = {isa = PBXFileReference; lastKnownFileType = sourcecode.swift; path = FireStoreManager.swift; sourceTree = "<group>"; };
		480A9F6324417D28001A5F4B /* FireStorageManager.swift */ = {isa = PBXFileReference; lastKnownFileType = sourcecode.swift; path = FireStorageManager.swift; sourceTree = "<group>"; };
		480A9F652441DFC6001A5F4B /* FireAuthManager.swift */ = {isa = PBXFileReference; lastKnownFileType = sourcecode.swift; path = FireAuthManager.swift; sourceTree = "<group>"; };
		480B040B2439562D00F26638 /* UIScrollView+Ext.swift */ = {isa = PBXFileReference; lastKnownFileType = sourcecode.swift; path = "UIScrollView+Ext.swift"; sourceTree = "<group>"; };
		480DDA2523E8BB190078FEAC /* PublisherAddSummaryController.swift */ = {isa = PBXFileReference; lastKnownFileType = sourcecode.swift; path = PublisherAddSummaryController.swift; sourceTree = "<group>"; };
		4819C2362460DAFA00C6696A /* FireStoreManager-Trending.swift */ = {isa = PBXFileReference; lastKnownFileType = sourcecode.swift; path = "FireStoreManager-Trending.swift"; sourceTree = "<group>"; };
		4819C23824619A7400C6696A /* Int+Ext.swift */ = {isa = PBXFileReference; lastKnownFileType = sourcecode.swift; path = "Int+Ext.swift"; sourceTree = "<group>"; };
		48205C63240710570049C131 /* InvitePeopleVC.swift */ = {isa = PBXFileReference; lastKnownFileType = sourcecode.swift; path = InvitePeopleVC.swift; sourceTree = "<group>"; };
		48239C74246B4CDA00AD6A86 /* ProgramProfileVC.swift */ = {isa = PBXFileReference; lastKnownFileType = sourcecode.swift; path = ProgramProfileVC.swift; sourceTree = "<group>"; };
		48239C76246BAF3900AD6A86 /* SubProgramProfileVC.swift */ = {isa = PBXFileReference; lastKnownFileType = sourcecode.swift; path = SubProgramProfileVC.swift; sourceTree = "<group>"; };
		4824AF452454D94F00E208A3 /* Dict+Ext.swift */ = {isa = PBXFileReference; lastKnownFileType = sourcecode.swift; path = "Dict+Ext.swift"; sourceTree = "<group>"; };
		482950C024330B980040EF29 /* TVLoadingAnimationView.swift */ = {isa = PBXFileReference; lastKnownFileType = sourcecode.swift; path = TVLoadingAnimationView.swift; sourceTree = "<group>"; };
		482950C4243440EC0040EF29 /* SignUpVC.swift */ = {isa = PBXFileReference; lastKnownFileType = sourcecode.swift; path = SignUpVC.swift; sourceTree = "<group>"; };
		482950C624344B6C0040EF29 /* SignInVC.swift */ = {isa = PBXFileReference; lastKnownFileType = sourcecode.swift; path = SignInVC.swift; sourceTree = "<group>"; };
		482BD9C5244085A700CA11D2 /* ChangeEmailVC.swift */ = {isa = PBXFileReference; lastKnownFileType = sourcecode.swift; path = ChangeEmailVC.swift; sourceTree = "<group>"; };
		482D49D2240EF80B00C22B88 /* ProgramAccountVC.swift */ = {isa = PBXFileReference; lastKnownFileType = sourcecode.swift; path = ProgramAccountVC.swift; sourceTree = "<group>"; };
		482F23FD241B5A0F0099A282 /* CurrentProgram.swift */ = {isa = PBXFileReference; lastKnownFileType = sourcecode.swift; path = CurrentProgram.swift; sourceTree = "<group>"; };
		4832A92723EA661400BDAA4E /* PassThoughView.swift */ = {isa = PBXFileReference; lastKnownFileType = sourcecode.swift; path = PassThoughView.swift; sourceTree = "<group>"; };
		4836C689240E5BD8005E2A9C /* UITextField+Ext.swift */ = {isa = PBXFileReference; lastKnownFileType = sourcecode.swift; path = "UITextField+Ext.swift"; sourceTree = "<group>"; };
		48437A34243F2A1500AF9905 /* CustomDatePicker.swift */ = {isa = PBXFileReference; lastKnownFileType = sourcecode.swift; path = CustomDatePicker.swift; sourceTree = "<group>"; };
		48437A36243F4B1E00AF9905 /* ChangeUsernameVC.swift */ = {isa = PBXFileReference; lastKnownFileType = sourcecode.swift; path = ChangeUsernameVC.swift; sourceTree = "<group>"; };
		48441C2E245036F60061180B /* EditingBooth.swift */ = {isa = PBXFileReference; lastKnownFileType = sourcecode.swift; path = EditingBooth.swift; sourceTree = "<group>"; };
		4844916523CFCD9F000E13FA /* Assets.xcassets */ = {isa = PBXFileReference; lastKnownFileType = folder.assetcatalog; name = Assets.xcassets; path = Dune/Assets.xcassets; sourceTree = "<group>"; };
		484DCAAB244FB8EC001118E9 /* DraftEpisodeCell.swift */ = {isa = PBXFileReference; lastKnownFileType = sourcecode.swift; path = DraftEpisodeCell.swift; sourceTree = "<group>"; };
		484DCAAD244FD717001118E9 /* Date+Ext.swift */ = {isa = PBXFileReference; lastKnownFileType = sourcecode.swift; path = "Date+Ext.swift"; sourceTree = "<group>"; };
		484EA87C24432B96000B6BF4 /* ChangePasswordVC.swift */ = {isa = PBXFileReference; lastKnownFileType = sourcecode.swift; path = ChangePasswordVC.swift; sourceTree = "<group>"; };
		484FD693241F2A79008087AA /* RecordBoothVC.swift */ = {isa = PBXFileReference; lastKnownFileType = sourcecode.swift; path = RecordBoothVC.swift; sourceTree = "<group>"; };
		485605B023CEE938006CEBC9 /* ListenerCategoriesController.swift */ = {isa = PBXFileReference; lastKnownFileType = sourcecode.swift; path = ListenerCategoriesController.swift; sourceTree = "<group>"; };
		485605B223CEF5BE006CEBC9 /* Category.swift */ = {isa = PBXFileReference; lastKnownFileType = sourcecode.swift; path = Category.swift; sourceTree = "<group>"; };
		4858B14024627E3800C20CE4 /* FireStoreManager-ProgramVC.swift */ = {isa = PBXFileReference; lastKnownFileType = sourcecode.swift; path = "FireStoreManager-ProgramVC.swift"; sourceTree = "<group>"; };
		485B68D22468399100E3D7AC /* ProgramSelectionView.swift */ = {isa = PBXFileReference; lastKnownFileType = sourcecode.swift; path = ProgramSelectionView.swift; sourceTree = "<group>"; };
		48616F0223FA208100E91530 /* UITextView+Ext.swift */ = {isa = PBXFileReference; lastKnownFileType = sourcecode.swift; path = "UITextView+Ext.swift"; sourceTree = "<group>"; };
		48616F0423FA220800E91530 /* UIView+Ext.swift */ = {isa = PBXFileReference; lastKnownFileType = sourcecode.swift; path = "UIView+Ext.swift"; sourceTree = "<group>"; };
		48616F0723FA4F1700E91530 /* MainFeedVC.swift */ = {isa = PBXFileReference; lastKnownFileType = sourcecode.swift; path = MainFeedVC.swift; sourceTree = "<group>"; };
		48616F0923FA5A0F00E91530 /* SearchVC.swift */ = {isa = PBXFileReference; lastKnownFileType = sourcecode.swift; path = SearchVC.swift; sourceTree = "<group>"; };
		48616F0B23FA5A3300E91530 /* StudioVC.swift */ = {isa = PBXFileReference; lastKnownFileType = sourcecode.swift; path = StudioVC.swift; sourceTree = "<group>"; };
		48616F0D23FA5A4900E91530 /* TrendingVC.swift */ = {isa = PBXFileReference; lastKnownFileType = sourcecode.swift; path = TrendingVC.swift; sourceTree = "<group>"; };
		48616F0F23FA5A6500E91530 /* AccountVC.swift */ = {isa = PBXFileReference; lastKnownFileType = sourcecode.swift; path = AccountVC.swift; sourceTree = "<group>"; };
		48616F1223FA5BAC00E91530 /* MainTabController.swift */ = {isa = PBXFileReference; lastKnownFileType = sourcecode.swift; path = MainTabController.swift; sourceTree = "<group>"; };
		486E33E1245160DD002325AB /* NetworkingProgress.swift */ = {isa = PBXFileReference; lastKnownFileType = sourcecode.swift; path = NetworkingProgress.swift; sourceTree = "<group>"; };
		4870767B24281F9100A635BB /* AudioPresetButton.swift */ = {isa = PBXFileReference; lastKnownFileType = sourcecode.swift; path = AudioPresetButton.swift; sourceTree = "<group>"; };
		4870767D2428233500A635BB /* AudioPresetScrollView.swift */ = {isa = PBXFileReference; lastKnownFileType = sourcecode.swift; path = AudioPresetScrollView.swift; sourceTree = "<group>"; };
		4870767F2428E11400A635BB /* StaticWaveCreator.swift */ = {isa = PBXFileReference; lastKnownFileType = sourcecode.swift; path = StaticWaveCreator.swift; sourceTree = "<group>"; };
		487B3E252430A832009CCDF4 /* CustomAlertView.swift */ = {isa = PBXFileReference; lastKnownFileType = sourcecode.swift; path = CustomAlertView.swift; sourceTree = "<group>"; };
		487C647C2443F3F400D01C83 /* FirebaseStatus.swift */ = {isa = PBXFileReference; lastKnownFileType = sourcecode.swift; path = FirebaseStatus.swift; sourceTree = "<group>"; };
		487DFC8323D5245E00137C36 /* publisherImageController.swift */ = {isa = PBXFileReference; lastKnownFileType = sourcecode.swift; path = publisherImageController.swift; sourceTree = "<group>"; };
		487E6A98245B80E000192AF2 /* FireStoreManager-Search.swift */ = {isa = PBXFileReference; lastKnownFileType = sourcecode.swift; path = "FireStoreManager-Search.swift"; sourceTree = "<group>"; };
		487E6A9A245BCDFB00192AF2 /* Program.swift */ = {isa = PBXFileReference; lastKnownFileType = sourcecode.swift; path = Program.swift; sourceTree = "<group>"; };
		487E6A9C245BD6CC00192AF2 /* ProgramCell.swift */ = {isa = PBXFileReference; lastKnownFileType = sourcecode.swift; path = ProgramCell.swift; sourceTree = "<group>"; };
		4885A3F0245830AD00828601 /* PlaybackBarView.swift */ = {isa = PBXFileReference; lastKnownFileType = sourcecode.swift; path = PlaybackBarView.swift; sourceTree = "<group>"; };
		488CB63E23D5379D00E9EBA4 /* publisherCategoriesController.swift */ = {isa = PBXFileReference; lastKnownFileType = sourcecode.swift; path = publisherCategoriesController.swift; sourceTree = "<group>"; };
		488CB64023D5571700E9EBA4 /* ListenerNameController.swift */ = {isa = PBXFileReference; lastKnownFileType = sourcecode.swift; path = ListenerNameController.swift; sourceTree = "<group>"; };
		48922EE6242C9BFB0017E412 /* BackgroundMusicCell.swift */ = {isa = PBXFileReference; lastKnownFileType = sourcecode.swift; path = BackgroundMusicCell.swift; sourceTree = "<group>"; };
		48922EE8242C9C370017E412 /* MusicOption.swift */ = {isa = PBXFileReference; lastKnownFileType = sourcecode.swift; path = MusicOption.swift; sourceTree = "<group>"; };
		48922EEC242CA75E0017E412 /* BackgroundMusic.swift */ = {isa = PBXFileReference; lastKnownFileType = sourcecode.swift; path = BackgroundMusic.swift; sourceTree = "<group>"; };
		48922EEE242D93FA0017E412 /* BackgroundMusicView.swift */ = {isa = PBXFileReference; lastKnownFileType = sourcecode.swift; path = BackgroundMusicView.swift; sourceTree = "<group>"; };
		48922EF0242DB3500017E412 /* AddEpisodeDetails.swift */ = {isa = PBXFileReference; lastKnownFileType = sourcecode.swift; path = AddEpisodeDetails.swift; sourceTree = "<group>"; };
		4899A5312462B22D00E72C41 /* CreateProgramVC.swift */ = {isa = PBXFileReference; lastKnownFileType = sourcecode.swift; path = CreateProgramVC.swift; sourceTree = "<group>"; };
		489E14732463B2C0002E3B9F /* SubProgramAccountVC.swift */ = {isa = PBXFileReference; lastKnownFileType = sourcecode.swift; path = SubProgramAccountVC.swift; sourceTree = "<group>"; };
		489E14752463BD71002E3B9F /* EditSubProgramVC.swift */ = {isa = PBXFileReference; lastKnownFileType = sourcecode.swift; path = EditSubProgramVC.swift; sourceTree = "<group>"; };
		48AB6AAA24622DF4007EE973 /* DuneIntroPlayer.swift */ = {isa = PBXFileReference; lastKnownFileType = sourcecode.swift; path = DuneIntroPlayer.swift; sourceTree = "<group>"; };
		48AC107A24109209009064EB /* String+Ext.swift */ = {isa = PBXFileReference; lastKnownFileType = sourcecode.swift; path = "String+Ext.swift"; sourceTree = "<group>"; };
		48AC107C2410CF6B009064EB /* UIDatePicker+Ext.swift */ = {isa = PBXFileReference; lastKnownFileType = sourcecode.swift; path = "UIDatePicker+Ext.swift"; sourceTree = "<group>"; };
		48AF19C9243D75D600650AB0 /* TagButton.swift */ = {isa = PBXFileReference; lastKnownFileType = sourcecode.swift; path = TagButton.swift; sourceTree = "<group>"; };
		48AF2DF424296F9700662F9F /* AudioEffectCreator.swift */ = {isa = PBXFileReference; lastKnownFileType = sourcecode.swift; path = AudioEffectCreator.swift; sourceTree = "<group>"; };
		48B26241244949DA0073ADAF /* EpisodeCell.swift */ = {isa = PBXFileReference; lastKnownFileType = sourcecode.swift; path = EpisodeCell.swift; sourceTree = "<group>"; };
		48B3740524207992003F47E9 /* ResponsiveWaveformView.swift */ = {isa = PBXFileReference; lastKnownFileType = sourcecode.swift; path = ResponsiveWaveformView.swift; sourceTree = "<group>"; };
		48B8687B23C7131A00EFEB88 /* CreateUserVC.swift */ = {isa = PBXFileReference; lastKnownFileType = sourcecode.swift; path = CreateUserVC.swift; sourceTree = "<group>"; };
		48B8687F23C744B800EFEB88 /* CreateUsername.swift */ = {isa = PBXFileReference; lastKnownFileType = sourcecode.swift; path = CreateUsername.swift; sourceTree = "<group>"; };
		48B8688323C7586A00EFEB88 /* AddEmail.swift */ = {isa = PBXFileReference; lastKnownFileType = sourcecode.swift; path = AddEmail.swift; sourceTree = "<group>"; };
		48C084DE23CA7148009F417F /* CreatePassword.swift */ = {isa = PBXFileReference; lastKnownFileType = sourcecode.swift; path = CreatePassword.swift; sourceTree = "<group>"; };
		48C084E023CA7166009F417F /* AddBirthDate.swift */ = {isa = PBXFileReference; lastKnownFileType = sourcecode.swift; path = AddBirthDate.swift; sourceTree = "<group>"; };
		48C1E87523D4302700AACD71 /* ProgramNameVC.swift */ = {isa = PBXFileReference; lastKnownFileType = sourcecode.swift; name = ProgramNameVC.swift; path = "Dune/Onboarding/Controllers/Publisher controllers/ProgramNameVC.swift"; sourceTree = SOURCE_ROOT; };
		48CFC1F823EB643D004434CC /* CustomNavBar.swift */ = {isa = PBXFileReference; lastKnownFileType = sourcecode.swift; path = CustomNavBar.swift; sourceTree = "<group>"; };
		48D21DF4242340D500BB3A05 /* UIColor+Ext.swift */ = {isa = PBXFileReference; lastKnownFileType = sourcecode.swift; path = "UIColor+Ext.swift"; sourceTree = "<group>"; };
		48D533A32403A2DF008EFADF /* AccountSettingsVC.swift */ = {isa = PBXFileReference; lastKnownFileType = sourcecode.swift; path = AccountSettingsVC.swift; sourceTree = "<group>"; };
		48D8ADE9240CBCA800F09731 /* GoogleService-Info.plist */ = {isa = PBXFileReference; fileEncoding = 4; lastKnownFileType = text.plist.xml; path = "GoogleService-Info.plist"; sourceTree = "<group>"; };
		48D9AAA2243BEB3D00F5F212 /* SettingOptions.swift */ = {isa = PBXFileReference; lastKnownFileType = sourcecode.swift; path = SettingOptions.swift; sourceTree = "<group>"; };
		48DC0F83240CE5E4003D489B /* User.swift */ = {isa = PBXFileReference; lastKnownFileType = sourcecode.swift; path = User.swift; sourceTree = "<group>"; };
		48DC0F87240CEC88003D489B /* EpisodeStatus.swift */ = {isa = PBXFileReference; lastKnownFileType = sourcecode.swift; path = EpisodeStatus.swift; sourceTree = "<group>"; };
		48DC720B23C6E998002AB21F /* Dune.app */ = {isa = PBXFileReference; explicitFileType = wrapper.application; includeInIndex = 0; path = Dune.app; sourceTree = BUILT_PRODUCTS_DIR; };
		48DC720E23C6E998002AB21F /* AppDelegate.swift */ = {isa = PBXFileReference; lastKnownFileType = sourcecode.swift; path = AppDelegate.swift; sourceTree = "<group>"; };
		48DC721323C6E998002AB21F /* Base */ = {isa = PBXFileReference; lastKnownFileType = file.storyboard; name = Base; path = Base.lproj/Main.storyboard; sourceTree = "<group>"; };
		48DC721823C6E999002AB21F /* Base */ = {isa = PBXFileReference; lastKnownFileType = file.storyboard; name = Base; path = Base.lproj/LaunchScreen.storyboard; sourceTree = "<group>"; };
		48DC721A23C6E999002AB21F /* Info.plist */ = {isa = PBXFileReference; lastKnownFileType = text.plist.xml; path = Info.plist; sourceTree = "<group>"; };
		48DC7643245F729600FC3575 /* LaunchVC.swift */ = {isa = PBXFileReference; lastKnownFileType = sourcecode.swift; path = LaunchVC.swift; sourceTree = "<group>"; };
		48DEC40523CFDD83005A1E83 /* ListenerProgramSelectionController.swift */ = {isa = PBXFileReference; lastKnownFileType = sourcecode.swift; path = ListenerProgramSelectionController.swift; sourceTree = "<group>"; };
		48DEC40723CFE999005A1E83 /* OnboardingProgramCell.swift */ = {isa = PBXFileReference; lastKnownFileType = sourcecode.swift; path = OnboardingProgramCell.swift; sourceTree = "<group>"; };
		48E5438A241C233E00C50C21 /* UIImageView+Ext.swift */ = {isa = PBXFileReference; lastKnownFileType = sourcecode.swift; path = "UIImageView+Ext.swift"; sourceTree = "<group>"; };
		48E5438C241C297900C50C21 /* CacheControl.swift */ = {isa = PBXFileReference; lastKnownFileType = sourcecode.swift; path = CacheControl.swift; sourceTree = "<group>"; };
		48E6EC9E241842C800C1CA99 /* LoadingCircleView.swift */ = {isa = PBXFileReference; lastKnownFileType = sourcecode.swift; path = LoadingCircleView.swift; sourceTree = "<group>"; };
		48EC2C99242637C800F6BBB6 /* AudioTrimmerView.swift */ = {isa = PBXFileReference; lastKnownFileType = sourcecode.swift; path = AudioTrimmerView.swift; sourceTree = "<group>"; };
		48ED47942439F1C2003A326A /* EditProgramVC.swift */ = {isa = PBXFileReference; lastKnownFileType = sourcecode.swift; path = EditProgramVC.swift; sourceTree = "<group>"; };
		48EF84F5240C569400A150B6 /* Episode.swift */ = {isa = PBXFileReference; lastKnownFileType = sourcecode.swift; path = Episode.swift; sourceTree = "<group>"; };
		48F25C9723CEC8EA00B91AE2 /* OnboardingListener.storyboard */ = {isa = PBXFileReference; lastKnownFileType = file.storyboard; path = OnboardingListener.storyboard; sourceTree = "<group>"; };
		48F4C0F0242C7A44005D84DE /* AddBGMusicVC.swift */ = {isa = PBXFileReference; lastKnownFileType = sourcecode.swift; path = AddBGMusicVC.swift; sourceTree = "<group>"; };
		48F655C323CFAF20004B44E0 /* ListenerProfileImageController.swift */ = {isa = PBXFileReference; lastKnownFileType = sourcecode.swift; path = ListenerProfileImageController.swift; sourceTree = "<group>"; };
		48F866022457816A0013A127 /* PlaybackCircleView.swift */ = {isa = PBXFileReference; lastKnownFileType = sourcecode.swift; path = PlaybackCircleView.swift; sourceTree = "<group>"; };
		48F8DDCC2435856D00A3971E /* Dune.entitlements */ = {isa = PBXFileReference; lastKnownFileType = text.plist.entitlements; path = Dune.entitlements; sourceTree = "<group>"; };
		48F8DDCD243682DA00A3971E /* UILabel+Ext.swift */ = {isa = PBXFileReference; lastKnownFileType = sourcecode.swift; path = "UILabel+Ext.swift"; sourceTree = "<group>"; };
		48F90EB6241C5DBC0005FB9C /* FileManager+Ext.swift */ = {isa = PBXFileReference; lastKnownFileType = sourcecode.swift; path = "FileManager+Ext.swift"; sourceTree = "<group>"; };
		48F977F724065096005FE445 /* VersionControl.swift */ = {isa = PBXFileReference; lastKnownFileType = sourcecode.swift; path = VersionControl.swift; sourceTree = "<group>"; };
		48FC1B3B23D10CA800318113 /* OnboardingPublisher.storyboard */ = {isa = PBXFileReference; lastKnownFileType = file.storyboard; path = OnboardingPublisher.storyboard; sourceTree = "<group>"; };
		48FE45182419A39C001E075B /* PublisherNotificationsVC.swift */ = {isa = PBXFileReference; lastKnownFileType = sourcecode.swift; path = PublisherNotificationsVC.swift; sourceTree = "<group>"; };
		48FE451A2419AE07001E075B /* EditAccountVC.swift */ = {isa = PBXFileReference; lastKnownFileType = sourcecode.swift; path = EditAccountVC.swift; sourceTree = "<group>"; };
		48FE95F2243AB2BD0085C2EC /* settingsLauncher.swift */ = {isa = PBXFileReference; lastKnownFileType = sourcecode.swift; path = settingsLauncher.swift; sourceTree = "<group>"; };
		48FE95F4243AC7470085C2EC /* SettingsLauncherCell.swift */ = {isa = PBXFileReference; lastKnownFileType = sourcecode.swift; path = SettingsLauncherCell.swift; sourceTree = "<group>"; };
		48FE95F6243B29370085C2EC /* UpdateProgramDetails.swift */ = {isa = PBXFileReference; lastKnownFileType = sourcecode.swift; path = UpdateProgramDetails.swift; sourceTree = "<group>"; };
		48FE95F9243B4ED10085C2EC /* AccountButton.swift */ = {isa = PBXFileReference; lastKnownFileType = sourcecode.swift; path = AccountButton.swift; sourceTree = "<group>"; };
		48FEDEC724676B33006D2E0C /* ProgramSubscriptionTV.swift */ = {isa = PBXFileReference; lastKnownFileType = sourcecode.swift; path = ProgramSubscriptionTV.swift; sourceTree = "<group>"; };
		48FFF88223FE3AA90071A89A /* ExtendedButton.swift */ = {isa = PBXFileReference; lastKnownFileType = sourcecode.swift; path = ExtendedButton.swift; sourceTree = "<group>"; };
		49EECD92C1BA88B2E717BA1F /* Pods-Dune.debug.xcconfig */ = {isa = PBXFileReference; includeInIndex = 1; lastKnownFileType = text.xcconfig; name = "Pods-Dune.debug.xcconfig"; path = "Target Support Files/Pods-Dune/Pods-Dune.debug.xcconfig"; sourceTree = "<group>"; };
		53708AC5C9CACFEB5AA66C80 /* Pods_Dune.framework */ = {isa = PBXFileReference; explicitFileType = wrapper.framework; includeInIndex = 0; path = Pods_Dune.framework; sourceTree = BUILT_PRODUCTS_DIR; };
/* End PBXFileReference section */

/* Begin PBXFrameworksBuildPhase section */
		48DC720823C6E998002AB21F /* Frameworks */ = {
			isa = PBXFrameworksBuildPhase;
			buildActionMask = 2147483647;
			files = (
				0FD107C9A74D61DE3EEBB529 /* Pods_Dune.framework in Frameworks */,
			);
			runOnlyForDeploymentPostprocessing = 0;
		};
/* End PBXFrameworksBuildPhase section */

/* Begin PBXGroup section */
		189009685BF5F90691E9345A /* Frameworks */ = {
			isa = PBXGroup;
			children = (
				53708AC5C9CACFEB5AA66C80 /* Pods_Dune.framework */,
			);
			name = Frameworks;
			sourceTree = "<group>";
		};
		4801619923C7F5FC0038318B /* Onboarding */ = {
			isa = PBXGroup;
			children = (
				48F25C9923CECF8500B91AE2 /* Storyboards */,
				4801619C23C7F6B20038318B /* Controllers */,
				4801619B23C7F69A0038318B /* Views */,
				4801619F23C849CF0038318B /* Models */,
			);
			path = Onboarding;
			sourceTree = "<group>";
		};
		4801619A23C7F6170038318B /* Custom style */ = {
			isa = PBXGroup;
			children = (
				4801619723C7BE500038318B /* CustomStyle.swift */,
			);
			path = "Custom style";
			sourceTree = "<group>";
		};
		4801619B23C7F69A0038318B /* Views */ = {
			isa = PBXGroup;
			children = (
				48B8687F23C744B800EFEB88 /* CreateUsername.swift */,
				48B8688323C7586A00EFEB88 /* AddEmail.swift */,
				48C084DE23CA7148009F417F /* CreatePassword.swift */,
				48C084E023CA7166009F417F /* AddBirthDate.swift */,
				48DEC40723CFE999005A1E83 /* OnboardingProgramCell.swift */,
				4832A92723EA661400BDAA4E /* PassThoughView.swift */,
				48CFC1F823EB643D004434CC /* CustomNavBar.swift */,
			);
			path = Views;
			sourceTree = "<group>";
		};
		4801619C23C7F6B20038318B /* Controllers */ = {
			isa = PBXGroup;
			children = (
				487DFC8823D524C400137C36 /* Initial sign-up */,
				487DFC8723D5248F00137C36 /* Listener controlers */,
				487DFC8623D5247800137C36 /* Publisher controllers */,
			);
			path = Controllers;
			sourceTree = "<group>";
		};
		4801619F23C849CF0038318B /* Models */ = {
			isa = PBXGroup;
			children = (
				485605B223CEF5BE006CEBC9 /* Category.swift */,
			);
			path = Models;
			sourceTree = "<group>";
		};
		480485E023CBB5AF00F8CA89 /* Extensions */ = {
			isa = PBXGroup;
			children = (
				4801959023D7C9680027FA91 /* DeviceSizes.swift */,
				48E5438A241C233E00C50C21 /* UIImageView+Ext.swift */,
				48616F0423FA220800E91530 /* UIView+Ext.swift */,
				48616F0223FA208100E91530 /* UITextView+Ext.swift */,
				4836C689240E5BD8005E2A9C /* UITextField+Ext.swift */,
				48F8DDCD243682DA00A3971E /* UILabel+Ext.swift */,
				48FFF88223FE3AA90071A89A /* ExtendedButton.swift */,
				48AC107A24109209009064EB /* String+Ext.swift */,
				48AC107C2410CF6B009064EB /* UIDatePicker+Ext.swift */,
				48D21DF4242340D500BB3A05 /* UIColor+Ext.swift */,
				480B040B2439562D00F26638 /* UIScrollView+Ext.swift */,
				484DCAAD244FD717001118E9 /* Date+Ext.swift */,
				4824AF452454D94F00E208A3 /* Dict+Ext.swift */,
				4819C23824619A7400C6696A /* Int+Ext.swift */,
				48F90EB6241C5DBC0005FB9C /* FileManager+Ext.swift */,
			);
			path = Extensions;
			sourceTree = "<group>";
		};
		480907AD242AA5C3008FC504 /* Custom Animations */ = {
			isa = PBXGroup;
			children = (
				480907AE242AA5E0008FC504 /* CustomAnimation.swift */,
			);
			path = "Custom Animations";
			sourceTree = "<group>";
		};
		480A9F60244172CD001A5F4B /* Firebase */ = {
			isa = PBXGroup;
			children = (
				4858B13F24627DC300C20CE4 /* Program account tab */,
				4819C2352460DA5200C6696A /* Trending tab */,
				487E6A97245B808600192AF2 /* Search tab */,
				480A9F6124417310001A5F4B /* FireStoreManager.swift */,
				480A9F6324417D28001A5F4B /* FireStorageManager.swift */,
				480A9F652441DFC6001A5F4B /* FireAuthManager.swift */,
				487C647C2443F3F400D01C83 /* FirebaseStatus.swift */,
			);
			path = Firebase;
			sourceTree = "<group>";
		};
		4819C2352460DA5200C6696A /* Trending tab */ = {
			isa = PBXGroup;
			children = (
				4819C2362460DAFA00C6696A /* FireStoreManager-Trending.swift */,
			);
			path = "Trending tab";
			sourceTree = "<group>";
		};
		48205C622407100C0049C131 /* Account settings */ = {
			isa = PBXGroup;
			children = (
				48D533A32403A2DF008EFADF /* AccountSettingsVC.swift */,
				48205C63240710570049C131 /* InvitePeopleVC.swift */,
				48FE45182419A39C001E075B /* PublisherNotificationsVC.swift */,
				48FE451A2419AE07001E075B /* EditAccountVC.swift */,
				48ED47942439F1C2003A326A /* EditProgramVC.swift */,
				489E14752463BD71002E3B9F /* EditSubProgramVC.swift */,
				48FE95F6243B29370085C2EC /* UpdateProgramDetails.swift */,
				48437A36243F4B1E00AF9905 /* ChangeUsernameVC.swift */,
				482BD9C5244085A700CA11D2 /* ChangeEmailVC.swift */,
				484EA87C24432B96000B6BF4 /* ChangePasswordVC.swift */,
			);
			path = "Account settings";
			sourceTree = "<group>";
		};
		484FD692241F2A2E008087AA /* Studio */ = {
			isa = PBXGroup;
			children = (
				48616F0B23FA5A3300E91530 /* StudioVC.swift */,
				484FD693241F2A79008087AA /* RecordBoothVC.swift */,
				48441C2E245036F60061180B /* EditingBooth.swift */,
				48F4C0F0242C7A44005D84DE /* AddBGMusicVC.swift */,
				48922EF0242DB3500017E412 /* AddEpisodeDetails.swift */,
			);
			path = Studio;
			sourceTree = "<group>";
		};
		4857BF7723FB368100ED6B01 /* CustomCells */ = {
			isa = PBXGroup;
			children = (
				48B26241244949DA0073ADAF /* EpisodeCell.swift */,
				487E6A9C245BD6CC00192AF2 /* ProgramCell.swift */,
				484DCAAB244FB8EC001118E9 /* DraftEpisodeCell.swift */,
				48922EE6242C9BFB0017E412 /* BackgroundMusicCell.swift */,
				48FE95F4243AC7470085C2EC /* SettingsLauncherCell.swift */,
			);
			path = CustomCells;
			sourceTree = "<group>";
		};
		4857BF7A23FB42D700ED6B01 /* Models */ = {
			isa = PBXGroup;
			children = (
				48DC0F83240CE5E4003D489B /* User.swift */,
				482F23FD241B5A0F0099A282 /* CurrentProgram.swift */,
				48EF84F5240C569400A150B6 /* Episode.swift */,
				487E6A9A245BCDFB00192AF2 /* Program.swift */,
				480825E8240C65FC007C4352 /* StubbedPrograms.swift */,
				48DC0F87240CEC88003D489B /* EpisodeStatus.swift */,
				48AF2DF424296F9700662F9F /* AudioEffectCreator.swift */,
				48922EE8242C9C370017E412 /* MusicOption.swift */,
				48922EEC242CA75E0017E412 /* BackgroundMusic.swift */,
				48D9AAA2243BEB3D00F5F212 /* SettingOptions.swift */,
			);
			path = Models;
			sourceTree = "<group>";
		};
		4858B13F24627DC300C20CE4 /* Program account tab */ = {
			isa = PBXGroup;
			children = (
				4858B14024627E3800C20CE4 /* FireStoreManager-ProgramVC.swift */,
			);
			path = "Program account tab";
			sourceTree = "<group>";
		};
		48616F0623FA4E8200E91530 /* App Main */ = {
			isa = PBXGroup;
			children = (
				4857BF7A23FB42D700ED6B01 /* Models */,
				48616F1123FA5B3800E91530 /* Controllers */,
				48EF84F2240C55E700A150B6 /* Views */,
				4857BF7723FB368100ED6B01 /* CustomCells */,
			);
			path = "App Main";
			sourceTree = "<group>";
		};
		48616F1123FA5B3800E91530 /* Controllers */ = {
			isa = PBXGroup;
			children = (
				48616F1223FA5BAC00E91530 /* MainTabController.swift */,
				48616F0723FA4F1700E91530 /* MainFeedVC.swift */,
				48616F0923FA5A0F00E91530 /* SearchVC.swift */,
				484FD692241F2A2E008087AA /* Studio */,
				48616F0D23FA5A4900E91530 /* TrendingVC.swift */,
				48239C74246B4CDA00AD6A86 /* ProgramProfileVC.swift */,
				48239C76246BAF3900AD6A86 /* SubProgramProfileVC.swift */,
				48616F0F23FA5A6500E91530 /* AccountVC.swift */,
				482D49D2240EF80B00C22B88 /* ProgramAccountVC.swift */,
				489E14732463B2C0002E3B9F /* SubProgramAccountVC.swift */,
				48FEDEC724676B33006D2E0C /* ProgramSubscriptionTV.swift */,
				4899A5312462B22D00E72C41 /* CreateProgramVC.swift */,
				48205C622407100C0049C131 /* Account settings */,
			);
			path = Controllers;
			sourceTree = "<group>";
		};
		487DFC8623D5247800137C36 /* Publisher controllers */ = {
			isa = PBXGroup;
			children = (
				48C1E87523D4302700AACD71 /* ProgramNameVC.swift */,
				487DFC8323D5245E00137C36 /* publisherImageController.swift */,
				488CB63E23D5379D00E9EBA4 /* publisherCategoriesController.swift */,
				480DDA2523E8BB190078FEAC /* PublisherAddSummaryController.swift */,
			);
			path = "Publisher controllers";
			sourceTree = "<group>";
		};
		487DFC8723D5248F00137C36 /* Listener controlers */ = {
			isa = PBXGroup;
			children = (
				48F655C323CFAF20004B44E0 /* ListenerProfileImageController.swift */,
				488CB64023D5571700E9EBA4 /* ListenerNameController.swift */,
				485605B023CEE938006CEBC9 /* ListenerCategoriesController.swift */,
				48DEC40523CFDD83005A1E83 /* ListenerProgramSelectionController.swift */,
			);
			path = "Listener controlers";
			sourceTree = "<group>";
		};
		487DFC8823D524C400137C36 /* Initial sign-up */ = {
			isa = PBXGroup;
			children = (
				482950C4243440EC0040EF29 /* SignUpVC.swift */,
				48B8687B23C7131A00EFEB88 /* CreateUserVC.swift */,
				480526C223CC54B500D62224 /* AccountTypeVC.swift */,
				482950C624344B6C0040EF29 /* SignInVC.swift */,
			);
			path = "Initial sign-up";
			sourceTree = "<group>";
		};
		487E6A97245B808600192AF2 /* Search tab */ = {
			isa = PBXGroup;
			children = (
				487E6A98245B80E000192AF2 /* FireStoreManager-Search.swift */,
			);
			path = "Search tab";
			sourceTree = "<group>";
		};
		48DC720223C6E998002AB21F = {
			isa = PBXGroup;
			children = (
				4844916523CFCD9F000E13FA /* Assets.xcassets */,
				48DC720D23C6E998002AB21F /* Dune */,
				48DC720C23C6E998002AB21F /* Products */,
				693C5F3B0B0AA5A9EB8389EB /* Pods */,
				189009685BF5F90691E9345A /* Frameworks */,
			);
			sourceTree = "<group>";
		};
		48DC720C23C6E998002AB21F /* Products */ = {
			isa = PBXGroup;
			children = (
				48DC720B23C6E998002AB21F /* Dune.app */,
			);
			name = Products;
			sourceTree = "<group>";
		};
		48DC720D23C6E998002AB21F /* Dune */ = {
			isa = PBXGroup;
			children = (
				480A9F60244172CD001A5F4B /* Firebase */,
				48FE95F8243B4EA20085C2EC /* Custom Kit */,
				48F8DDCC2435856D00A3971E /* Dune.entitlements */,
				480907AD242AA5C3008FC504 /* Custom Animations */,
				48DC720E23C6E998002AB21F /* AppDelegate.swift */,
				48DC7643245F729600FC3575 /* LaunchVC.swift */,
				48F977F62406507B005FE445 /* Version control */,
				4801619A23C7F6170038318B /* Custom style */,
				480485E023CBB5AF00F8CA89 /* Extensions */,
				48616F0623FA4E8200E91530 /* App Main */,
				4801619923C7F5FC0038318B /* Onboarding */,
				48DC721723C6E999002AB21F /* LaunchScreen.storyboard */,
				48D8ADE9240CBCA800F09731 /* GoogleService-Info.plist */,
				48DC721A23C6E999002AB21F /* Info.plist */,
			);
			path = Dune;
			sourceTree = "<group>";
		};
		48EF84F2240C55E700A150B6 /* Views */ = {
			isa = PBXGroup;
			children = (
				480516C0244B2A120097334E /* DuneAudioPlayer.swift */,
				48AB6AAA24622DF4007EE973 /* DuneIntroPlayer.swift */,
				48E6EC9E241842C800C1CA99 /* LoadingCircleView.swift */,
				48F866022457816A0013A127 /* PlaybackCircleView.swift */,
				4885A3F0245830AD00828601 /* PlaybackBarView.swift */,
				480A0B392421A9160041CF2E /* drawWaveform.swift */,
				48B3740524207992003F47E9 /* ResponsiveWaveformView.swift */,
				48EC2C99242637C800F6BBB6 /* AudioTrimmerView.swift */,
				4870767B24281F9100A635BB /* AudioPresetButton.swift */,
				4870767D2428233500A635BB /* AudioPresetScrollView.swift */,
				4870767F2428E11400A635BB /* StaticWaveCreator.swift */,
				48922EEE242D93FA0017E412 /* BackgroundMusicView.swift */,
				487B3E252430A832009CCDF4 /* CustomAlertView.swift */,
				486E33E1245160DD002325AB /* NetworkingProgress.swift */,
				482950C024330B980040EF29 /* TVLoadingAnimationView.swift */,
				48FE95F2243AB2BD0085C2EC /* settingsLauncher.swift */,
				48437A34243F2A1500AF9905 /* CustomDatePicker.swift */,
				485B68D22468399100E3D7AC /* ProgramSelectionView.swift */,
			);
			path = Views;
			sourceTree = "<group>";
		};
		48F25C9923CECF8500B91AE2 /* Storyboards */ = {
			isa = PBXGroup;
			children = (
				48DC721223C6E998002AB21F /* Main.storyboard */,
				48F25C9723CEC8EA00B91AE2 /* OnboardingListener.storyboard */,
				48FC1B3B23D10CA800318113 /* OnboardingPublisher.storyboard */,
			);
			path = Storyboards;
			sourceTree = "<group>";
		};
		48F977F62406507B005FE445 /* Version control */ = {
			isa = PBXGroup;
			children = (
				48F977F724065096005FE445 /* VersionControl.swift */,
				48E5438C241C297900C50C21 /* CacheControl.swift */,
			);
			path = "Version control";
			sourceTree = "<group>";
		};
		48FE95F8243B4EA20085C2EC /* Custom Kit */ = {
			isa = PBXGroup;
			children = (
				48FE95F9243B4ED10085C2EC /* AccountButton.swift */,
				48AF19C9243D75D600650AB0 /* TagButton.swift */,
			);
			path = "Custom Kit";
			sourceTree = "<group>";
		};
		693C5F3B0B0AA5A9EB8389EB /* Pods */ = {
			isa = PBXGroup;
			children = (
				49EECD92C1BA88B2E717BA1F /* Pods-Dune.debug.xcconfig */,
				3BB9E8F2478A62F8C645B14D /* Pods-Dune.release.xcconfig */,
			);
			path = Pods;
			sourceTree = "<group>";
		};
/* End PBXGroup section */

/* Begin PBXNativeTarget section */
		48DC720A23C6E998002AB21F /* Dune */ = {
			isa = PBXNativeTarget;
			buildConfigurationList = 48DC721D23C6E999002AB21F /* Build configuration list for PBXNativeTarget "Dune" */;
			buildPhases = (
				C2B682F2A1606A5E202CB005 /* [CP] Check Pods Manifest.lock */,
				48DC720723C6E998002AB21F /* Sources */,
				48DC720823C6E998002AB21F /* Frameworks */,
				48DC720923C6E998002AB21F /* Resources */,
				D44B28E5EF5B2A4556B75125 /* [CP] Embed Pods Frameworks */,
			);
			buildRules = (
			);
			dependencies = (
			);
			name = Dune;
			productName = Snippets;
			productReference = 48DC720B23C6E998002AB21F /* Dune.app */;
			productType = "com.apple.product-type.application";
		};
/* End PBXNativeTarget section */

/* Begin PBXProject section */
		48DC720323C6E998002AB21F /* Project object */ = {
			isa = PBXProject;
			attributes = {
				LastSwiftUpdateCheck = 1030;
				LastUpgradeCheck = 1030;
				ORGANIZATIONNAME = "Waylan Sands";
				TargetAttributes = {
					48DC720A23C6E998002AB21F = {
						CreatedOnToolsVersion = 10.3;
					};
				};
			};
			buildConfigurationList = 48DC720623C6E998002AB21F /* Build configuration list for PBXProject "Dune" */;
			compatibilityVersion = "Xcode 9.3";
			developmentRegion = en;
			hasScannedForEncodings = 0;
			knownRegions = (
				en,
				Base,
			);
			mainGroup = 48DC720223C6E998002AB21F;
			productRefGroup = 48DC720C23C6E998002AB21F /* Products */;
			projectDirPath = "";
			projectRoot = "";
			targets = (
				48DC720A23C6E998002AB21F /* Dune */,
			);
		};
/* End PBXProject section */

/* Begin PBXResourcesBuildPhase section */
		48DC720923C6E998002AB21F /* Resources */ = {
			isa = PBXResourcesBuildPhase;
			buildActionMask = 2147483647;
			files = (
				48DC721923C6E999002AB21F /* LaunchScreen.storyboard in Resources */,
				48F25C9823CEC8EA00B91AE2 /* OnboardingListener.storyboard in Resources */,
				4844916623CFCD9F000E13FA /* Assets.xcassets in Resources */,
				48DC721423C6E998002AB21F /* Main.storyboard in Resources */,
				48FC1B3C23D10CA800318113 /* OnboardingPublisher.storyboard in Resources */,
				48D8ADEA240CBCA800F09731 /* GoogleService-Info.plist in Resources */,
			);
			runOnlyForDeploymentPostprocessing = 0;
		};
/* End PBXResourcesBuildPhase section */

/* Begin PBXShellScriptBuildPhase section */
		C2B682F2A1606A5E202CB005 /* [CP] Check Pods Manifest.lock */ = {
			isa = PBXShellScriptBuildPhase;
			buildActionMask = 2147483647;
			files = (
			);
			inputFileListPaths = (
			);
			inputPaths = (
				"${PODS_PODFILE_DIR_PATH}/Podfile.lock",
				"${PODS_ROOT}/Manifest.lock",
			);
			name = "[CP] Check Pods Manifest.lock";
			outputFileListPaths = (
			);
			outputPaths = (
				"$(DERIVED_FILE_DIR)/Pods-Dune-checkManifestLockResult.txt",
			);
			runOnlyForDeploymentPostprocessing = 0;
			shellPath = /bin/sh;
			shellScript = "diff \"${PODS_PODFILE_DIR_PATH}/Podfile.lock\" \"${PODS_ROOT}/Manifest.lock\" > /dev/null\nif [ $? != 0 ] ; then\n    # print error to STDERR\n    echo \"error: The sandbox is not in sync with the Podfile.lock. Run 'pod install' or update your CocoaPods installation.\" >&2\n    exit 1\nfi\n# This output is used by Xcode 'outputs' to avoid re-running this script phase.\necho \"SUCCESS\" > \"${SCRIPT_OUTPUT_FILE_0}\"\n";
			showEnvVarsInLog = 0;
		};
		D44B28E5EF5B2A4556B75125 /* [CP] Embed Pods Frameworks */ = {
			isa = PBXShellScriptBuildPhase;
			buildActionMask = 2147483647;
			files = (
			);
			inputFileListPaths = (
				"${PODS_ROOT}/Target Support Files/Pods-Dune/Pods-Dune-frameworks-${CONFIGURATION}-input-files.xcfilelist",
			);
			name = "[CP] Embed Pods Frameworks";
			outputFileListPaths = (
				"${PODS_ROOT}/Target Support Files/Pods-Dune/Pods-Dune-frameworks-${CONFIGURATION}-output-files.xcfilelist",
			);
			runOnlyForDeploymentPostprocessing = 0;
			shellPath = /bin/sh;
			shellScript = "\"${PODS_ROOT}/Target Support Files/Pods-Dune/Pods-Dune-frameworks.sh\"\n";
			showEnvVarsInLog = 0;
		};
/* End PBXShellScriptBuildPhase section */

/* Begin PBXSourcesBuildPhase section */
		48DC720723C6E998002AB21F /* Sources */ = {
			isa = PBXSourcesBuildPhase;
			buildActionMask = 2147483647;
			files = (
				487E6A9D245BD6CC00192AF2 /* ProgramCell.swift in Sources */,
				486E33E2245160DD002325AB /* NetworkingProgress.swift in Sources */,
				48B8687C23C7131A00EFEB88 /* CreateUserVC.swift in Sources */,
				4885A3F1245830AD00828601 /* PlaybackBarView.swift in Sources */,
				48922EE9242C9C370017E412 /* MusicOption.swift in Sources */,
				487E6A99245B80E000192AF2 /* FireStoreManager-Search.swift in Sources */,
				480A9F662441DFC6001A5F4B /* FireAuthManager.swift in Sources */,
				487076802428E11400A635BB /* StaticWaveCreator.swift in Sources */,
				482950C724344B6C0040EF29 /* SignInVC.swift in Sources */,
				48DC0F84240CE5E4003D489B /* User.swift in Sources */,
				48AF19CA243D75D600650AB0 /* TagButton.swift in Sources */,
				48616F1323FA5BAC00E91530 /* MainTabController.swift in Sources */,
				487DFC8423D5245E00137C36 /* publisherImageController.swift in Sources */,
				480907AF242AA5E0008FC504 /* CustomAnimation.swift in Sources */,
				48DEC40823CFE999005A1E83 /* OnboardingProgramCell.swift in Sources */,
				48922EF1242DB3500017E412 /* AddEpisodeDetails.swift in Sources */,
				4858B14124627E3800C20CE4 /* FireStoreManager-ProgramVC.swift in Sources */,
				48B26242244949DA0073ADAF /* EpisodeCell.swift in Sources */,
				480A0B3A2421A9160041CF2E /* drawWaveform.swift in Sources */,
				4801619823C7BE500038318B /* CustomStyle.swift in Sources */,
				4899A5322462B22D00E72C41 /* CreateProgramVC.swift in Sources */,
				482F23FE241B5A0F0099A282 /* CurrentProgram.swift in Sources */,
				480A9F6224417310001A5F4B /* FireStoreManager.swift in Sources */,
				48437A37243F4B1E00AF9905 /* ChangeUsernameVC.swift in Sources */,
				48D533A42403A2DF008EFADF /* AccountSettingsVC.swift in Sources */,
				48B8688023C744B800EFEB88 /* CreateUsername.swift in Sources */,
				48ED47952439F1C2003A326A /* EditProgramVC.swift in Sources */,
				48CFC1F923EB643D004434CC /* CustomNavBar.swift in Sources */,
				48EC2C9A242637C800F6BBB6 /* AudioTrimmerView.swift in Sources */,
				4824AF462454D94F00E208A3 /* Dict+Ext.swift in Sources */,
				48FE95F3243AB2BD0085C2EC /* settingsLauncher.swift in Sources */,
				48922EEF242D93FA0017E412 /* BackgroundMusicView.swift in Sources */,
				48FEDEC824676B33006D2E0C /* ProgramSubscriptionTV.swift in Sources */,
				48E5438B241C233E00C50C21 /* UIImageView+Ext.swift in Sources */,
				48FE45192419A39C001E075B /* PublisherNotificationsVC.swift in Sources */,
				489E14762463BD71002E3B9F /* EditSubProgramVC.swift in Sources */,
				48FE95F5243AC7470085C2EC /* SettingsLauncherCell.swift in Sources */,
				4832A92823EA661400BDAA4E /* PassThoughView.swift in Sources */,
				4819C2372460DAFA00C6696A /* FireStoreManager-Trending.swift in Sources */,
				48D21DF5242340D500BB3A05 /* UIColor+Ext.swift in Sources */,
				48239C77246BAF3900AD6A86 /* SubProgramProfileVC.swift in Sources */,
				48F4C0F1242C7A44005D84DE /* AddBGMusicVC.swift in Sources */,
				48DEC40623CFDD83005A1E83 /* ListenerProgramSelectionController.swift in Sources */,
				48239C75246B4CDA00AD6A86 /* ProgramProfileVC.swift in Sources */,
				482950C5243440EC0040EF29 /* SignUpVC.swift in Sources */,
				48DC0F88240CEC88003D489B /* EpisodeStatus.swift in Sources */,
				487C647D2443F3F400D01C83 /* FirebaseStatus.swift in Sources */,
				48922EED242CA75E0017E412 /* BackgroundMusic.swift in Sources */,
				48C084E123CA7166009F417F /* AddBirthDate.swift in Sources */,
				48C084DF23CA7148009F417F /* CreatePassword.swift in Sources */,
				480825E9240C65FC007C4352 /* StubbedPrograms.swift in Sources */,
				488CB63F23D5379D00E9EBA4 /* publisherCategoriesController.swift in Sources */,
				48F8DDCE243682DA00A3971E /* UILabel+Ext.swift in Sources */,
				480B040C2439562D00F26638 /* UIScrollView+Ext.swift in Sources */,
				484FD694241F2A79008087AA /* RecordBoothVC.swift in Sources */,
				48616F0A23FA5A0F00E91530 /* SearchVC.swift in Sources */,
				48616F0523FA220800E91530 /* UIView+Ext.swift in Sources */,
				480DDA2623E8BB190078FEAC /* PublisherAddSummaryController.swift in Sources */,
				482BD9C6244085A700CA11D2 /* ChangeEmailVC.swift in Sources */,
				48E5438D241C297900C50C21 /* CacheControl.swift in Sources */,
				484DCAAE244FD717001118E9 /* Date+Ext.swift in Sources */,
				489E14742463B2C0002E3B9F /* SubProgramAccountVC.swift in Sources */,
				482950C124330B980040EF29 /* TVLoadingAnimationView.swift in Sources */,
				48B8688423C7586A00EFEB88 /* AddEmail.swift in Sources */,
				485B68D32468399100E3D7AC /* ProgramSelectionView.swift in Sources */,
				48E6EC9F241842C800C1CA99 /* LoadingCircleView.swift in Sources */,
				480526C323CC54B500D62224 /* AccountTypeVC.swift in Sources */,
				48AC107D2410CF6B009064EB /* UIDatePicker+Ext.swift in Sources */,
				480516C1244B2A120097334E /* DuneAudioPlayer.swift in Sources */,
				48922EE7242C9BFB0017E412 /* BackgroundMusicCell.swift in Sources */,
				48EF84F6240C569400A150B6 /* Episode.swift in Sources */,
				4870767E2428233500A635BB /* AudioPresetScrollView.swift in Sources */,
				48616F0323FA208100E91530 /* UITextView+Ext.swift in Sources */,
				485605B123CEE938006CEBC9 /* ListenerCategoriesController.swift in Sources */,
				4836C68A240E5BD8005E2A9C /* UITextField+Ext.swift in Sources */,
				48AB6AAB24622DF4007EE973 /* DuneIntroPlayer.swift in Sources */,
				488CB64123D5571700E9EBA4 /* ListenerNameController.swift in Sources */,
				48437A35243F2A1500AF9905 /* CustomDatePicker.swift in Sources */,
				48616F0823FA4F1700E91530 /* MainFeedVC.swift in Sources */,
				48FE95FA243B4ED10085C2EC /* AccountButton.swift in Sources */,
				48F866032457816A0013A127 /* PlaybackCircleView.swift in Sources */,
				48616F0C23FA5A3300E91530 /* StudioVC.swift in Sources */,
				48F977F824065096005FE445 /* VersionControl.swift in Sources */,
				480A9F6424417D28001A5F4B /* FireStorageManager.swift in Sources */,
				484EA87D24432B96000B6BF4 /* ChangePasswordVC.swift in Sources */,
				48F90EB7241C5DBC0005FB9C /* FileManager+Ext.swift in Sources */,
				48FE451B2419AE07001E075B /* EditAccountVC.swift in Sources */,
				487E6A9B245BCDFB00192AF2 /* Program.swift in Sources */,
				48F655C423CFAF20004B44E0 /* ListenerProfileImageController.swift in Sources */,
				48B3740624207992003F47E9 /* ResponsiveWaveformView.swift in Sources */,
				4819C23924619A7400C6696A /* Int+Ext.swift in Sources */,
				48FE95F7243B29370085C2EC /* UpdateProgramDetails.swift in Sources */,
				4801959123D7C9680027FA91 /* DeviceSizes.swift in Sources */,
				48D9AAA3243BEB3D00F5F212 /* SettingOptions.swift in Sources */,
				484DCAAC244FB8EC001118E9 /* DraftEpisodeCell.swift in Sources */,
				4870767C24281F9100A635BB /* AudioPresetButton.swift in Sources */,
				48DC7644245F729600FC3575 /* LaunchVC.swift in Sources */,
				48DC720F23C6E998002AB21F /* AppDelegate.swift in Sources */,
				48AC107B24109209009064EB /* String+Ext.swift in Sources */,
				48FFF88323FE3AA90071A89A /* ExtendedButton.swift in Sources */,
				485605B323CEF5BE006CEBC9 /* Category.swift in Sources */,
				48205C64240710570049C131 /* InvitePeopleVC.swift in Sources */,
				48441C2F245036F60061180B /* EditingBooth.swift in Sources */,
				487B3E262430A832009CCDF4 /* CustomAlertView.swift in Sources */,
				48C1E87623D4302700AACD71 /* ProgramNameVC.swift in Sources */,
				482D49D3240EF80B00C22B88 /* ProgramAccountVC.swift in Sources */,
				48AF2DF524296F9700662F9F /* AudioEffectCreator.swift in Sources */,
				48616F1023FA5A6500E91530 /* AccountVC.swift in Sources */,
				48616F0E23FA5A4900E91530 /* TrendingVC.swift in Sources */,
			);
			runOnlyForDeploymentPostprocessing = 0;
		};
/* End PBXSourcesBuildPhase section */

/* Begin PBXVariantGroup section */
		48DC721223C6E998002AB21F /* Main.storyboard */ = {
			isa = PBXVariantGroup;
			children = (
				48DC721323C6E998002AB21F /* Base */,
			);
			name = Main.storyboard;
			sourceTree = "<group>";
		};
		48DC721723C6E999002AB21F /* LaunchScreen.storyboard */ = {
			isa = PBXVariantGroup;
			children = (
				48DC721823C6E999002AB21F /* Base */,
			);
			name = LaunchScreen.storyboard;
			sourceTree = "<group>";
		};
/* End PBXVariantGroup section */

/* Begin XCBuildConfiguration section */
		48DC721B23C6E999002AB21F /* Debug */ = {
			isa = XCBuildConfiguration;
			buildSettings = {
				ALWAYS_SEARCH_USER_PATHS = NO;
				CLANG_ANALYZER_NONNULL = YES;
				CLANG_ANALYZER_NUMBER_OBJECT_CONVERSION = YES_AGGRESSIVE;
				CLANG_CXX_LANGUAGE_STANDARD = "gnu++14";
				CLANG_CXX_LIBRARY = "libc++";
				CLANG_ENABLE_MODULES = YES;
				CLANG_ENABLE_OBJC_ARC = YES;
				CLANG_ENABLE_OBJC_WEAK = YES;
				CLANG_WARN_BLOCK_CAPTURE_AUTORELEASING = YES;
				CLANG_WARN_BOOL_CONVERSION = YES;
				CLANG_WARN_COMMA = YES;
				CLANG_WARN_CONSTANT_CONVERSION = YES;
				CLANG_WARN_DEPRECATED_OBJC_IMPLEMENTATIONS = YES;
				CLANG_WARN_DIRECT_OBJC_ISA_USAGE = YES_ERROR;
				CLANG_WARN_DOCUMENTATION_COMMENTS = YES;
				CLANG_WARN_EMPTY_BODY = YES;
				CLANG_WARN_ENUM_CONVERSION = YES;
				CLANG_WARN_INFINITE_RECURSION = YES;
				CLANG_WARN_INT_CONVERSION = YES;
				CLANG_WARN_NON_LITERAL_NULL_CONVERSION = YES;
				CLANG_WARN_OBJC_IMPLICIT_RETAIN_SELF = YES;
				CLANG_WARN_OBJC_LITERAL_CONVERSION = YES;
				CLANG_WARN_OBJC_ROOT_CLASS = YES_ERROR;
				CLANG_WARN_RANGE_LOOP_ANALYSIS = YES;
				CLANG_WARN_STRICT_PROTOTYPES = YES;
				CLANG_WARN_SUSPICIOUS_MOVE = YES;
				CLANG_WARN_UNGUARDED_AVAILABILITY = YES_AGGRESSIVE;
				CLANG_WARN_UNREACHABLE_CODE = YES;
				CLANG_WARN__DUPLICATE_METHOD_MATCH = YES;
				CODE_SIGN_IDENTITY = "iPhone Developer";
				COPY_PHASE_STRIP = NO;
				DEBUG_INFORMATION_FORMAT = dwarf;
				ENABLE_STRICT_OBJC_MSGSEND = YES;
				ENABLE_TESTABILITY = YES;
				GCC_C_LANGUAGE_STANDARD = gnu11;
				GCC_DYNAMIC_NO_PIC = NO;
				GCC_NO_COMMON_BLOCKS = YES;
				GCC_OPTIMIZATION_LEVEL = 0;
				GCC_PREPROCESSOR_DEFINITIONS = (
					"DEBUG=1",
					"$(inherited)",
				);
				GCC_WARN_64_TO_32_BIT_CONVERSION = YES;
				GCC_WARN_ABOUT_RETURN_TYPE = YES_ERROR;
				GCC_WARN_UNDECLARED_SELECTOR = YES;
				GCC_WARN_UNINITIALIZED_AUTOS = YES_AGGRESSIVE;
				GCC_WARN_UNUSED_FUNCTION = YES;
				GCC_WARN_UNUSED_VARIABLE = YES;
				IPHONEOS_DEPLOYMENT_TARGET = 12.4;
				MTL_ENABLE_DEBUG_INFO = INCLUDE_SOURCE;
				MTL_FAST_MATH = YES;
				ONLY_ACTIVE_ARCH = YES;
				SDKROOT = iphoneos;
				SWIFT_ACTIVE_COMPILATION_CONDITIONS = DEBUG;
				SWIFT_OPTIMIZATION_LEVEL = "-Onone";
			};
			name = Debug;
		};
		48DC721C23C6E999002AB21F /* Release */ = {
			isa = XCBuildConfiguration;
			buildSettings = {
				ALWAYS_SEARCH_USER_PATHS = NO;
				CLANG_ANALYZER_NONNULL = YES;
				CLANG_ANALYZER_NUMBER_OBJECT_CONVERSION = YES_AGGRESSIVE;
				CLANG_CXX_LANGUAGE_STANDARD = "gnu++14";
				CLANG_CXX_LIBRARY = "libc++";
				CLANG_ENABLE_MODULES = YES;
				CLANG_ENABLE_OBJC_ARC = YES;
				CLANG_ENABLE_OBJC_WEAK = YES;
				CLANG_WARN_BLOCK_CAPTURE_AUTORELEASING = YES;
				CLANG_WARN_BOOL_CONVERSION = YES;
				CLANG_WARN_COMMA = YES;
				CLANG_WARN_CONSTANT_CONVERSION = YES;
				CLANG_WARN_DEPRECATED_OBJC_IMPLEMENTATIONS = YES;
				CLANG_WARN_DIRECT_OBJC_ISA_USAGE = YES_ERROR;
				CLANG_WARN_DOCUMENTATION_COMMENTS = YES;
				CLANG_WARN_EMPTY_BODY = YES;
				CLANG_WARN_ENUM_CONVERSION = YES;
				CLANG_WARN_INFINITE_RECURSION = YES;
				CLANG_WARN_INT_CONVERSION = YES;
				CLANG_WARN_NON_LITERAL_NULL_CONVERSION = YES;
				CLANG_WARN_OBJC_IMPLICIT_RETAIN_SELF = YES;
				CLANG_WARN_OBJC_LITERAL_CONVERSION = YES;
				CLANG_WARN_OBJC_ROOT_CLASS = YES_ERROR;
				CLANG_WARN_RANGE_LOOP_ANALYSIS = YES;
				CLANG_WARN_STRICT_PROTOTYPES = YES;
				CLANG_WARN_SUSPICIOUS_MOVE = YES;
				CLANG_WARN_UNGUARDED_AVAILABILITY = YES_AGGRESSIVE;
				CLANG_WARN_UNREACHABLE_CODE = YES;
				CLANG_WARN__DUPLICATE_METHOD_MATCH = YES;
				CODE_SIGN_IDENTITY = "iPhone Developer";
				COPY_PHASE_STRIP = NO;
				DEBUG_INFORMATION_FORMAT = "dwarf-with-dsym";
				ENABLE_NS_ASSERTIONS = NO;
				ENABLE_STRICT_OBJC_MSGSEND = YES;
				GCC_C_LANGUAGE_STANDARD = gnu11;
				GCC_NO_COMMON_BLOCKS = YES;
				GCC_WARN_64_TO_32_BIT_CONVERSION = YES;
				GCC_WARN_ABOUT_RETURN_TYPE = YES_ERROR;
				GCC_WARN_UNDECLARED_SELECTOR = YES;
				GCC_WARN_UNINITIALIZED_AUTOS = YES_AGGRESSIVE;
				GCC_WARN_UNUSED_FUNCTION = YES;
				GCC_WARN_UNUSED_VARIABLE = YES;
				IPHONEOS_DEPLOYMENT_TARGET = 12.4;
				MTL_ENABLE_DEBUG_INFO = NO;
				MTL_FAST_MATH = YES;
				SDKROOT = iphoneos;
				SWIFT_COMPILATION_MODE = wholemodule;
				SWIFT_OPTIMIZATION_LEVEL = "-O";
				VALIDATE_PRODUCT = YES;
			};
			name = Release;
		};
		48DC721E23C6E999002AB21F /* Debug */ = {
			isa = XCBuildConfiguration;
			baseConfigurationReference = 49EECD92C1BA88B2E717BA1F /* Pods-Dune.debug.xcconfig */;
			buildSettings = {
				ASSETCATALOG_COMPILER_APPICON_NAME = AppIcon;
				CODE_SIGN_ENTITLEMENTS = Dune/Dune.entitlements;
				CODE_SIGN_IDENTITY = "Apple Development";
				CODE_SIGN_STYLE = Automatic;
				DEVELOPMENT_TEAM = PMDTSY5PZ6;
				INFOPLIST_FILE = Dune/Info.plist;
				LD_RUNPATH_SEARCH_PATHS = (
					"$(inherited)",
					"@executable_path/Frameworks",
				);
				PRODUCT_BUNDLE_IDENTIFIER = com.dailyune.Dune;
				PRODUCT_NAME = "$(TARGET_NAME)";
				PROVISIONING_PROFILE_SPECIFIER = "";
				SWIFT_VERSION = 5.0;
				TARGETED_DEVICE_FAMILY = "1,2";
			};
			name = Debug;
		};
		48DC721F23C6E999002AB21F /* Release */ = {
			isa = XCBuildConfiguration;
			baseConfigurationReference = 3BB9E8F2478A62F8C645B14D /* Pods-Dune.release.xcconfig */;
			buildSettings = {
				ASSETCATALOG_COMPILER_APPICON_NAME = AppIcon;
				CODE_SIGN_ENTITLEMENTS = Dune/Dune.entitlements;
				CODE_SIGN_IDENTITY = "Apple Development";
				CODE_SIGN_STYLE = Automatic;
				DEVELOPMENT_TEAM = PMDTSY5PZ6;
				INFOPLIST_FILE = Dune/Info.plist;
				LD_RUNPATH_SEARCH_PATHS = (
					"$(inherited)",
					"@executable_path/Frameworks",
				);
				PRODUCT_BUNDLE_IDENTIFIER = com.dailyune.Dune;
				PRODUCT_NAME = "$(TARGET_NAME)";
				PROVISIONING_PROFILE_SPECIFIER = "";
				SWIFT_VERSION = 5.0;
				TARGETED_DEVICE_FAMILY = "1,2";
			};
			name = Release;
		};
/* End XCBuildConfiguration section */

/* Begin XCConfigurationList section */
		48DC720623C6E998002AB21F /* Build configuration list for PBXProject "Dune" */ = {
			isa = XCConfigurationList;
			buildConfigurations = (
				48DC721B23C6E999002AB21F /* Debug */,
				48DC721C23C6E999002AB21F /* Release */,
			);
			defaultConfigurationIsVisible = 0;
			defaultConfigurationName = Release;
		};
		48DC721D23C6E999002AB21F /* Build configuration list for PBXNativeTarget "Dune" */ = {
			isa = XCConfigurationList;
			buildConfigurations = (
				48DC721E23C6E999002AB21F /* Debug */,
				48DC721F23C6E999002AB21F /* Release */,
			);
			defaultConfigurationIsVisible = 0;
			defaultConfigurationName = Release;
		};
/* End XCConfigurationList section */
	};
	rootObject = 48DC720323C6E998002AB21F /* Project object */;
}
